
Microsoft Visual Studio Solution File, Format Version 12.00
# Visual Studio Version 17
VisualStudioVersion = 17.5.002.0
MinimumVisualStudioVersion = 10.0.40219.1
Project("{9A19103F-16F7-4668-BE54-9A1E7A4F7556}") = "Assignment 1", "Assignment 1\Assignment 1.csproj", "{CB1E6CB1-77A0-4003-A003-BBC570CF4087}"
EndProject
Project("{FAE04EC0-301F-11D3-BF4B-00C04F79EFBC}") = "Assignment 2", "Assignment 2\Assignment 2.csproj", "{1D02DE17-8A1D-44DC-BF80-B3F2E17EF562}"
EndProject
Project("{FAE04EC0-301F-11D3-BF4B-00C04F79EFBC}") = "Assignment 3", "Assignment 3\Assignment 3.csproj", "{EEFE96F9-8CD4-4AA2-B358-D725AEC7B59A}"
EndProject
Project("{FAE04EC0-301F-11D3-BF4B-00C04F79EFBC}") = "Assignment 4", "Assignment 4\Assignment 4.csproj", "{16F1DD5D-D08C-4F7B-AA5A-FE69FDB34C3C}"
EndProject
Project("{FAE04EC0-301F-11D3-BF4B-00C04F79EFBC}") = "Assignment 5", "Assignment 5\Assignment 5.csproj", "{E4273A0F-1D23-4422-81FA-6F32C31AFD0E}"
EndProject
Project("{FAE04EC0-301F-11D3-BF4B-00C04F79EFBC}") = "Assignment 6", "Assignment 6\Assignment 6.csproj", "{70E86445-F284-400C-B667-655405A3C614}"
EndProject
Project("{FAE04EC0-301F-11D3-BF4B-00C04F79EFBC}") = "Assignment 7", "Assignment 7\Assignment 7.csproj", "{A33F5BE3-7432-4717-9DE2-EEAC08070F28}"
EndProject
Project("{FAE04EC0-301F-11D3-BF4B-00C04F79EFBC}") = "Assignment 8", "Assignment 8\Assignment 8.csproj", "{151B40EA-F68D-45EE-A138-35B6BD20DD90}"
EndProject
Project("{FAE04EC0-301F-11D3-BF4B-00C04F79EFBC}") = "Assignment 9", "Assignment 9\Assignment 9.csproj", "{3E1CF9A1-E7CB-48EF-8A09-5102F20867AF}"
EndProject
Project("{FAE04EC0-301F-11D3-BF4B-00C04F79EFBC}") = "Assignment 10", "Assignment 10\Assignment 10.csproj", "{EC020041-5EFF-472F-B496-587F248B92DA}"
EndProject
Project("{FAE04EC0-301F-11D3-BF4B-00C04F79EFBC}") = "Assignment 11", "Assignment 11\Assignment 11.csproj", "{A3C599FF-AF5E-463F-BD39-93A1BFFF3D24}"
EndProject
Project("{FAE04EC0-301F-11D3-BF4B-00C04F79EFBC}") = "Assignment 12", "Assignment 12\Assignment 12.csproj", "{488D5F5E-2058-4653-BCA3-178BCDCCFF90}"
EndProject
Project("{FAE04EC0-301F-11D3-BF4B-00C04F79EFBC}") = "Assignment 13", "Assignment 13\Assignment 13.csproj", "{0EB49824-3DEB-4DD3-98E4-96BDE2FFA40B}"
EndProject
Project("{FAE04EC0-301F-11D3-BF4B-00C04F79EFBC}") = "Assignment 14", "Assignment 14\Assignment 14.csproj", "{6C3F4766-69C7-49D6-A6BE-7BF66E0AF6EE}"
EndProject
Project("{FAE04EC0-301F-11D3-BF4B-00C04F79EFBC}") = "Assignment 15", "Assignment 15\Assignment 15.csproj", "{2FD8BAA7-71B4-48B6-ACE0-6E9CA0AB45D4}"
EndProject
Project("{FAE04EC0-301F-11D3-BF4B-00C04F79EFBC}") = "Assignment 16", "Assignment 16\Assignment 16.csproj", "{C209EE60-16F5-418B-9245-27A4FB2B6124}"
EndProject
Project("{FAE04EC0-301F-11D3-BF4B-00C04F79EFBC}") = "Assignment 17", "Assignment 17\Assignment 17.csproj", "{959D41BE-9720-4185-96DC-EFE4076FFD5D}"
EndProject
Project("{FAE04EC0-301F-11D3-BF4B-00C04F79EFBC}") = "Assignment 18", "Assignment 18\Assignment 18.csproj", "{8C2FC352-7EFE-455D-9306-DEA23822C480}"
EndProject
Project("{FAE04EC0-301F-11D3-BF4B-00C04F79EFBC}") = "Assignment 19", "Assignment 19\Assignment 19.csproj", "{47954464-F4A1-4032-B116-4BE07A0CF651}"
EndProject
Project("{FAE04EC0-301F-11D3-BF4B-00C04F79EFBC}") = "Assignment 20", "Assignment 20\Assignment 20.csproj", "{06831F52-C83E-4EF4-9EB0-256758CFB19B}"
EndProject
Project("{FAE04EC0-301F-11D3-BF4B-00C04F79EFBC}") = "Assignment 21", "Assignment 21\Assignment 21.csproj", "{9FEB895D-3F7B-49D6-9B26-B4F4AB6BCE86}"
EndProject
Project("{FAE04EC0-301F-11D3-BF4B-00C04F79EFBC}") = "Assignment 22", "Assignment 22\Assignment 22.csproj", "{2E58E93A-841E-445E-BA71-58F12DB91BFE}"
EndProject
Project("{FAE04EC0-301F-11D3-BF4B-00C04F79EFBC}") = "Assignment 23", "Assignment 23\Assignment 23.csproj", "{C036E979-704F-4725-AA80-097288C0B425}"
EndProject
Project("{FAE04EC0-301F-11D3-BF4B-00C04F79EFBC}") = "Assignment 24", "Assignment 24\Assignment 24.csproj", "{932B5D82-2CDB-4FF4-BFB3-8A37AB32878C}"
EndProject
Project("{FAE04EC0-301F-11D3-BF4B-00C04F79EFBC}") = "Assignment 25", "Assignment 25\Assignment 25.csproj", "{2FAFC675-564F-41EE-846F-3AD1DD98DE5A}"
EndProject
Project("{FAE04EC0-301F-11D3-BF4B-00C04F79EFBC}") = "Assignment 26", "Assignment 26\Assignment 26.csproj", "{E319AC0B-CD0D-4BF8-9132-FF75CB7AC04E}"
EndProject
Project("{FAE04EC0-301F-11D3-BF4B-00C04F79EFBC}") = "Assignment 27", "Assignment 27\Assignment 27.csproj", "{17F6DAD0-1403-40BD-97D5-390EF8BC7A9A}"
EndProject
Project("{FAE04EC0-301F-11D3-BF4B-00C04F79EFBC}") = "Assignment 28", "Assignment 28\Assignment 28.csproj", "{E76577ED-3304-4526-94F4-6642CDAA66D5}"
EndProject
Project("{FAE04EC0-301F-11D3-BF4B-00C04F79EFBC}") = "Assignment 29", "Assignment 29\Assignment 29.csproj", "{2DDCBDE8-29DA-4780-BAF1-15A5DD8BB7DF}"
EndProject
Project("{FAE04EC0-301F-11D3-BF4B-00C04F79EFBC}") = "Assignment 30", "Assignment 30\Assignment 30.csproj", "{C08F5B6E-D985-482B-877B-71E21E47AE1F}"
EndProject
Project("{FAE04EC0-301F-11D3-BF4B-00C04F79EFBC}") = "Assignment 31", "Assignment 31\Assignment 31.csproj", "{49A15531-2BF1-4552-9B10-2BCCBD77C2BB}"
EndProject
Project("{FAE04EC0-301F-11D3-BF4B-00C04F79EFBC}") = "Assignment 32", "Assignment 32\Assignment 32.csproj", "{B59647C5-0DB7-4FA6-BF9F-3B63C8F93707}"
EndProject
Project("{FAE04EC0-301F-11D3-BF4B-00C04F79EFBC}") = "Assignment 33", "Assignment 33\Assignment 33.csproj", "{1B94FF38-4BC5-483A-A075-785147177388}"
EndProject
Project("{FAE04EC0-301F-11D3-BF4B-00C04F79EFBC}") = "Assignment 34", "Assignment 34\Assignment 34.csproj", "{B60FF76B-50B9-4D04-8A3E-61900DED6851}"
EndProject
Project("{FAE04EC0-301F-11D3-BF4B-00C04F79EFBC}") = "Assignment 35", "Assignment 35\Assignment 35.csproj", "{379EC8E0-EEC4-4BBB-B972-4B47587F0E64}"
EndProject
Project("{FAE04EC0-301F-11D3-BF4B-00C04F79EFBC}") = "Assignment 36", "Assignment 36\Assignment 36.csproj", "{1EFF90B9-438D-47BE-A308-5D5157BBE2AD}"
EndProject
Project("{FAE04EC0-301F-11D3-BF4B-00C04F79EFBC}") = "Assignment 37", "Assignment 37\Assignment 37.csproj", "{081ED06B-2D97-4243-A7AA-7485B9D023FD}"
EndProject
Project("{FAE04EC0-301F-11D3-BF4B-00C04F79EFBC}") = "Assignment 38", "Assignment 38\Assignment 38.csproj", "{FAFFE962-F749-4F3F-9DA3-27A848E33E3D}"
EndProject
Project("{FAE04EC0-301F-11D3-BF4B-00C04F79EFBC}") = "Assignment 39", "Assignment 39\Assignment 39.csproj", "{B4488A19-6345-4229-958F-0CF007FAF77A}"
EndProject
Project("{FAE04EC0-301F-11D3-BF4B-00C04F79EFBC}") = "Assignment 40", "Assignment 40\Assignment 40.csproj", "{CCF11C88-0AD1-41D9-A0C4-30A5232F9ECC}"
EndProject
Project("{FAE04EC0-301F-11D3-BF4B-00C04F79EFBC}") = "Assignment 41", "Assignment 41\Assignment 41.csproj", "{BE03B1DD-AA99-4B67-B632-B631DF249E81}"
EndProject
Project("{FAE04EC0-301F-11D3-BF4B-00C04F79EFBC}") = "Assignment 42", "Assignment 42\Assignment 42.csproj", "{8AE69C10-25E6-40AB-9045-2A3F0638F010}"
EndProject
Project("{FAE04EC0-301F-11D3-BF4B-00C04F79EFBC}") = "Assignment 43", "Assignment 43\Assignment 43.csproj", "{07EF10FC-78CF-44B4-A6DA-D05B0BC0EC58}"
EndProject
Project("{FAE04EC0-301F-11D3-BF4B-00C04F79EFBC}") = "Assignment 44", "Assignment 44\Assignment 44.csproj", "{1E1ACB61-061D-45E4-9289-A95CB42A5A13}"
EndProject
Project("{FAE04EC0-301F-11D3-BF4B-00C04F79EFBC}") = "Assignment 45", "Assignment 45\Assignment 45.csproj", "{79557CD0-777B-4581-BE55-71CC90F91995}"
EndProject
Project("{FAE04EC0-301F-11D3-BF4B-00C04F79EFBC}") = "Assignment 46", "Assignment 46\Assignment 46.csproj", "{0C5E3CA9-DAE5-4ACE-B0EB-36ABA66BA504}"
EndProject
Global
	GlobalSection(SolutionConfigurationPlatforms) = preSolution
		Debug|Any CPU = Debug|Any CPU
		Release|Any CPU = Release|Any CPU
	EndGlobalSection
	GlobalSection(ProjectConfigurationPlatforms) = postSolution
		{CB1E6CB1-77A0-4003-A003-BBC570CF4087}.Debug|Any CPU.ActiveCfg = Debug|Any CPU
		{CB1E6CB1-77A0-4003-A003-BBC570CF4087}.Debug|Any CPU.Build.0 = Debug|Any CPU
		{CB1E6CB1-77A0-4003-A003-BBC570CF4087}.Release|Any CPU.ActiveCfg = Release|Any CPU
		{CB1E6CB1-77A0-4003-A003-BBC570CF4087}.Release|Any CPU.Build.0 = Release|Any CPU
		{1D02DE17-8A1D-44DC-BF80-B3F2E17EF562}.Debug|Any CPU.ActiveCfg = Debug|Any CPU
		{1D02DE17-8A1D-44DC-BF80-B3F2E17EF562}.Debug|Any CPU.Build.0 = Debug|Any CPU
		{1D02DE17-8A1D-44DC-BF80-B3F2E17EF562}.Release|Any CPU.ActiveCfg = Release|Any CPU
		{1D02DE17-8A1D-44DC-BF80-B3F2E17EF562}.Release|Any CPU.Build.0 = Release|Any CPU
		{EEFE96F9-8CD4-4AA2-B358-D725AEC7B59A}.Debug|Any CPU.ActiveCfg = Debug|Any CPU
		{EEFE96F9-8CD4-4AA2-B358-D725AEC7B59A}.Debug|Any CPU.Build.0 = Debug|Any CPU
		{EEFE96F9-8CD4-4AA2-B358-D725AEC7B59A}.Release|Any CPU.ActiveCfg = Release|Any CPU
		{EEFE96F9-8CD4-4AA2-B358-D725AEC7B59A}.Release|Any CPU.Build.0 = Release|Any CPU
		{16F1DD5D-D08C-4F7B-AA5A-FE69FDB34C3C}.Debug|Any CPU.ActiveCfg = Debug|Any CPU
		{16F1DD5D-D08C-4F7B-AA5A-FE69FDB34C3C}.Debug|Any CPU.Build.0 = Debug|Any CPU
		{16F1DD5D-D08C-4F7B-AA5A-FE69FDB34C3C}.Release|Any CPU.ActiveCfg = Release|Any CPU
		{16F1DD5D-D08C-4F7B-AA5A-FE69FDB34C3C}.Release|Any CPU.Build.0 = Release|Any CPU
		{E4273A0F-1D23-4422-81FA-6F32C31AFD0E}.Debug|Any CPU.ActiveCfg = Debug|Any CPU
		{E4273A0F-1D23-4422-81FA-6F32C31AFD0E}.Debug|Any CPU.Build.0 = Debug|Any CPU
		{E4273A0F-1D23-4422-81FA-6F32C31AFD0E}.Release|Any CPU.ActiveCfg = Release|Any CPU
		{E4273A0F-1D23-4422-81FA-6F32C31AFD0E}.Release|Any CPU.Build.0 = Release|Any CPU
		{70E86445-F284-400C-B667-655405A3C614}.Debug|Any CPU.ActiveCfg = Debug|Any CPU
		{70E86445-F284-400C-B667-655405A3C614}.Debug|Any CPU.Build.0 = Debug|Any CPU
		{70E86445-F284-400C-B667-655405A3C614}.Release|Any CPU.ActiveCfg = Release|Any CPU
		{70E86445-F284-400C-B667-655405A3C614}.Release|Any CPU.Build.0 = Release|Any CPU
		{A33F5BE3-7432-4717-9DE2-EEAC08070F28}.Debug|Any CPU.ActiveCfg = Debug|Any CPU
		{A33F5BE3-7432-4717-9DE2-EEAC08070F28}.Debug|Any CPU.Build.0 = Debug|Any CPU
		{A33F5BE3-7432-4717-9DE2-EEAC08070F28}.Release|Any CPU.ActiveCfg = Release|Any CPU
		{A33F5BE3-7432-4717-9DE2-EEAC08070F28}.Release|Any CPU.Build.0 = Release|Any CPU
		{151B40EA-F68D-45EE-A138-35B6BD20DD90}.Debug|Any CPU.ActiveCfg = Debug|Any CPU
		{151B40EA-F68D-45EE-A138-35B6BD20DD90}.Debug|Any CPU.Build.0 = Debug|Any CPU
		{151B40EA-F68D-45EE-A138-35B6BD20DD90}.Release|Any CPU.ActiveCfg = Release|Any CPU
		{151B40EA-F68D-45EE-A138-35B6BD20DD90}.Release|Any CPU.Build.0 = Release|Any CPU
		{3E1CF9A1-E7CB-48EF-8A09-5102F20867AF}.Debug|Any CPU.ActiveCfg = Debug|Any CPU
		{3E1CF9A1-E7CB-48EF-8A09-5102F20867AF}.Debug|Any CPU.Build.0 = Debug|Any CPU
		{3E1CF9A1-E7CB-48EF-8A09-5102F20867AF}.Release|Any CPU.ActiveCfg = Release|Any CPU
		{3E1CF9A1-E7CB-48EF-8A09-5102F20867AF}.Release|Any CPU.Build.0 = Release|Any CPU
		{EC020041-5EFF-472F-B496-587F248B92DA}.Debug|Any CPU.ActiveCfg = Debug|Any CPU
		{EC020041-5EFF-472F-B496-587F248B92DA}.Debug|Any CPU.Build.0 = Debug|Any CPU
		{EC020041-5EFF-472F-B496-587F248B92DA}.Release|Any CPU.ActiveCfg = Release|Any CPU
		{EC020041-5EFF-472F-B496-587F248B92DA}.Release|Any CPU.Build.0 = Release|Any CPU
		{A3C599FF-AF5E-463F-BD39-93A1BFFF3D24}.Debug|Any CPU.ActiveCfg = Debug|Any CPU
		{A3C599FF-AF5E-463F-BD39-93A1BFFF3D24}.Debug|Any CPU.Build.0 = Debug|Any CPU
		{A3C599FF-AF5E-463F-BD39-93A1BFFF3D24}.Release|Any CPU.ActiveCfg = Release|Any CPU
		{A3C599FF-AF5E-463F-BD39-93A1BFFF3D24}.Release|Any CPU.Build.0 = Release|Any CPU
		{488D5F5E-2058-4653-BCA3-178BCDCCFF90}.Debug|Any CPU.ActiveCfg = Debug|Any CPU
		{488D5F5E-2058-4653-BCA3-178BCDCCFF90}.Debug|Any CPU.Build.0 = Debug|Any CPU
		{488D5F5E-2058-4653-BCA3-178BCDCCFF90}.Release|Any CPU.ActiveCfg = Release|Any CPU
		{488D5F5E-2058-4653-BCA3-178BCDCCFF90}.Release|Any CPU.Build.0 = Release|Any CPU
		{0EB49824-3DEB-4DD3-98E4-96BDE2FFA40B}.Debug|Any CPU.ActiveCfg = Debug|Any CPU
		{0EB49824-3DEB-4DD3-98E4-96BDE2FFA40B}.Debug|Any CPU.Build.0 = Debug|Any CPU
		{0EB49824-3DEB-4DD3-98E4-96BDE2FFA40B}.Release|Any CPU.ActiveCfg = Release|Any CPU
		{0EB49824-3DEB-4DD3-98E4-96BDE2FFA40B}.Release|Any CPU.Build.0 = Release|Any CPU
		{6C3F4766-69C7-49D6-A6BE-7BF66E0AF6EE}.Debug|Any CPU.ActiveCfg = Debug|Any CPU
		{6C3F4766-69C7-49D6-A6BE-7BF66E0AF6EE}.Debug|Any CPU.Build.0 = Debug|Any CPU
		{6C3F4766-69C7-49D6-A6BE-7BF66E0AF6EE}.Release|Any CPU.ActiveCfg = Release|Any CPU
		{6C3F4766-69C7-49D6-A6BE-7BF66E0AF6EE}.Release|Any CPU.Build.0 = Release|Any CPU
		{2FD8BAA7-71B4-48B6-ACE0-6E9CA0AB45D4}.Debug|Any CPU.ActiveCfg = Debug|Any CPU
		{2FD8BAA7-71B4-48B6-ACE0-6E9CA0AB45D4}.Debug|Any CPU.Build.0 = Debug|Any CPU
		{2FD8BAA7-71B4-48B6-ACE0-6E9CA0AB45D4}.Release|Any CPU.ActiveCfg = Release|Any CPU
		{2FD8BAA7-71B4-48B6-ACE0-6E9CA0AB45D4}.Release|Any CPU.Build.0 = Release|Any CPU
		{C209EE60-16F5-418B-9245-27A4FB2B6124}.Debug|Any CPU.ActiveCfg = Debug|Any CPU
		{C209EE60-16F5-418B-9245-27A4FB2B6124}.Debug|Any CPU.Build.0 = Debug|Any CPU
		{C209EE60-16F5-418B-9245-27A4FB2B6124}.Release|Any CPU.ActiveCfg = Release|Any CPU
		{C209EE60-16F5-418B-9245-27A4FB2B6124}.Release|Any CPU.Build.0 = Release|Any CPU
		{959D41BE-9720-4185-96DC-EFE4076FFD5D}.Debug|Any CPU.ActiveCfg = Debug|Any CPU
		{959D41BE-9720-4185-96DC-EFE4076FFD5D}.Debug|Any CPU.Build.0 = Debug|Any CPU
		{959D41BE-9720-4185-96DC-EFE4076FFD5D}.Release|Any CPU.ActiveCfg = Release|Any CPU
		{959D41BE-9720-4185-96DC-EFE4076FFD5D}.Release|Any CPU.Build.0 = Release|Any CPU
		{8C2FC352-7EFE-455D-9306-DEA23822C480}.Debug|Any CPU.ActiveCfg = Debug|Any CPU
		{8C2FC352-7EFE-455D-9306-DEA23822C480}.Debug|Any CPU.Build.0 = Debug|Any CPU
		{8C2FC352-7EFE-455D-9306-DEA23822C480}.Release|Any CPU.ActiveCfg = Release|Any CPU
		{8C2FC352-7EFE-455D-9306-DEA23822C480}.Release|Any CPU.Build.0 = Release|Any CPU
		{47954464-F4A1-4032-B116-4BE07A0CF651}.Debug|Any CPU.ActiveCfg = Debug|Any CPU
		{47954464-F4A1-4032-B116-4BE07A0CF651}.Debug|Any CPU.Build.0 = Debug|Any CPU
		{47954464-F4A1-4032-B116-4BE07A0CF651}.Release|Any CPU.ActiveCfg = Release|Any CPU
		{47954464-F4A1-4032-B116-4BE07A0CF651}.Release|Any CPU.Build.0 = Release|Any CPU
		{06831F52-C83E-4EF4-9EB0-256758CFB19B}.Debug|Any CPU.ActiveCfg = Debug|Any CPU
		{06831F52-C83E-4EF4-9EB0-256758CFB19B}.Debug|Any CPU.Build.0 = Debug|Any CPU
		{06831F52-C83E-4EF4-9EB0-256758CFB19B}.Release|Any CPU.ActiveCfg = Release|Any CPU
		{06831F52-C83E-4EF4-9EB0-256758CFB19B}.Release|Any CPU.Build.0 = Release|Any CPU
		{9FEB895D-3F7B-49D6-9B26-B4F4AB6BCE86}.Debug|Any CPU.ActiveCfg = Debug|Any CPU
		{9FEB895D-3F7B-49D6-9B26-B4F4AB6BCE86}.Debug|Any CPU.Build.0 = Debug|Any CPU
		{9FEB895D-3F7B-49D6-9B26-B4F4AB6BCE86}.Release|Any CPU.ActiveCfg = Release|Any CPU
		{9FEB895D-3F7B-49D6-9B26-B4F4AB6BCE86}.Release|Any CPU.Build.0 = Release|Any CPU
		{2E58E93A-841E-445E-BA71-58F12DB91BFE}.Debug|Any CPU.ActiveCfg = Debug|Any CPU
		{2E58E93A-841E-445E-BA71-58F12DB91BFE}.Debug|Any CPU.Build.0 = Debug|Any CPU
		{2E58E93A-841E-445E-BA71-58F12DB91BFE}.Release|Any CPU.ActiveCfg = Release|Any CPU
		{2E58E93A-841E-445E-BA71-58F12DB91BFE}.Release|Any CPU.Build.0 = Release|Any CPU
		{C036E979-704F-4725-AA80-097288C0B425}.Debug|Any CPU.ActiveCfg = Debug|Any CPU
		{C036E979-704F-4725-AA80-097288C0B425}.Debug|Any CPU.Build.0 = Debug|Any CPU
		{C036E979-704F-4725-AA80-097288C0B425}.Release|Any CPU.ActiveCfg = Release|Any CPU
		{C036E979-704F-4725-AA80-097288C0B425}.Release|Any CPU.Build.0 = Release|Any CPU
		{932B5D82-2CDB-4FF4-BFB3-8A37AB32878C}.Debug|Any CPU.ActiveCfg = Debug|Any CPU
		{932B5D82-2CDB-4FF4-BFB3-8A37AB32878C}.Debug|Any CPU.Build.0 = Debug|Any CPU
		{932B5D82-2CDB-4FF4-BFB3-8A37AB32878C}.Release|Any CPU.ActiveCfg = Release|Any CPU
		{932B5D82-2CDB-4FF4-BFB3-8A37AB32878C}.Release|Any CPU.Build.0 = Release|Any CPU
		{2FAFC675-564F-41EE-846F-3AD1DD98DE5A}.Debug|Any CPU.ActiveCfg = Debug|Any CPU
		{2FAFC675-564F-41EE-846F-3AD1DD98DE5A}.Debug|Any CPU.Build.0 = Debug|Any CPU
		{2FAFC675-564F-41EE-846F-3AD1DD98DE5A}.Release|Any CPU.ActiveCfg = Release|Any CPU
		{2FAFC675-564F-41EE-846F-3AD1DD98DE5A}.Release|Any CPU.Build.0 = Release|Any CPU
		{E319AC0B-CD0D-4BF8-9132-FF75CB7AC04E}.Debug|Any CPU.ActiveCfg = Debug|Any CPU
		{E319AC0B-CD0D-4BF8-9132-FF75CB7AC04E}.Debug|Any CPU.Build.0 = Debug|Any CPU
		{E319AC0B-CD0D-4BF8-9132-FF75CB7AC04E}.Release|Any CPU.ActiveCfg = Release|Any CPU
		{E319AC0B-CD0D-4BF8-9132-FF75CB7AC04E}.Release|Any CPU.Build.0 = Release|Any CPU
		{17F6DAD0-1403-40BD-97D5-390EF8BC7A9A}.Debug|Any CPU.ActiveCfg = Debug|Any CPU
		{17F6DAD0-1403-40BD-97D5-390EF8BC7A9A}.Debug|Any CPU.Build.0 = Debug|Any CPU
		{17F6DAD0-1403-40BD-97D5-390EF8BC7A9A}.Release|Any CPU.ActiveCfg = Release|Any CPU
		{17F6DAD0-1403-40BD-97D5-390EF8BC7A9A}.Release|Any CPU.Build.0 = Release|Any CPU
		{E76577ED-3304-4526-94F4-6642CDAA66D5}.Debug|Any CPU.ActiveCfg = Debug|Any CPU
		{E76577ED-3304-4526-94F4-6642CDAA66D5}.Debug|Any CPU.Build.0 = Debug|Any CPU
		{E76577ED-3304-4526-94F4-6642CDAA66D5}.Release|Any CPU.ActiveCfg = Release|Any CPU
		{E76577ED-3304-4526-94F4-6642CDAA66D5}.Release|Any CPU.Build.0 = Release|Any CPU
		{2DDCBDE8-29DA-4780-BAF1-15A5DD8BB7DF}.Debug|Any CPU.ActiveCfg = Debug|Any CPU
		{2DDCBDE8-29DA-4780-BAF1-15A5DD8BB7DF}.Debug|Any CPU.Build.0 = Debug|Any CPU
		{2DDCBDE8-29DA-4780-BAF1-15A5DD8BB7DF}.Release|Any CPU.ActiveCfg = Release|Any CPU
		{2DDCBDE8-29DA-4780-BAF1-15A5DD8BB7DF}.Release|Any CPU.Build.0 = Release|Any CPU
		{C08F5B6E-D985-482B-877B-71E21E47AE1F}.Debug|Any CPU.ActiveCfg = Debug|Any CPU
		{C08F5B6E-D985-482B-877B-71E21E47AE1F}.Debug|Any CPU.Build.0 = Debug|Any CPU
		{C08F5B6E-D985-482B-877B-71E21E47AE1F}.Release|Any CPU.ActiveCfg = Release|Any CPU
		{C08F5B6E-D985-482B-877B-71E21E47AE1F}.Release|Any CPU.Build.0 = Release|Any CPU
		{49A15531-2BF1-4552-9B10-2BCCBD77C2BB}.Debug|Any CPU.ActiveCfg = Debug|Any CPU
		{49A15531-2BF1-4552-9B10-2BCCBD77C2BB}.Debug|Any CPU.Build.0 = Debug|Any CPU
		{49A15531-2BF1-4552-9B10-2BCCBD77C2BB}.Release|Any CPU.ActiveCfg = Release|Any CPU
		{49A15531-2BF1-4552-9B10-2BCCBD77C2BB}.Release|Any CPU.Build.0 = Release|Any CPU
		{B59647C5-0DB7-4FA6-BF9F-3B63C8F93707}.Debug|Any CPU.ActiveCfg = Debug|Any CPU
		{B59647C5-0DB7-4FA6-BF9F-3B63C8F93707}.Debug|Any CPU.Build.0 = Debug|Any CPU
		{B59647C5-0DB7-4FA6-BF9F-3B63C8F93707}.Release|Any CPU.ActiveCfg = Release|Any CPU
		{B59647C5-0DB7-4FA6-BF9F-3B63C8F93707}.Release|Any CPU.Build.0 = Release|Any CPU
		{1B94FF38-4BC5-483A-A075-785147177388}.Debug|Any CPU.ActiveCfg = Debug|Any CPU
		{1B94FF38-4BC5-483A-A075-785147177388}.Debug|Any CPU.Build.0 = Debug|Any CPU
		{1B94FF38-4BC5-483A-A075-785147177388}.Release|Any CPU.ActiveCfg = Release|Any CPU
		{1B94FF38-4BC5-483A-A075-785147177388}.Release|Any CPU.Build.0 = Release|Any CPU
		{B60FF76B-50B9-4D04-8A3E-61900DED6851}.Debug|Any CPU.ActiveCfg = Debug|Any CPU
		{B60FF76B-50B9-4D04-8A3E-61900DED6851}.Debug|Any CPU.Build.0 = Debug|Any CPU
		{B60FF76B-50B9-4D04-8A3E-61900DED6851}.Release|Any CPU.ActiveCfg = Release|Any CPU
		{B60FF76B-50B9-4D04-8A3E-61900DED6851}.Release|Any CPU.Build.0 = Release|Any CPU
		{379EC8E0-EEC4-4BBB-B972-4B47587F0E64}.Debug|Any CPU.ActiveCfg = Debug|Any CPU
		{379EC8E0-EEC4-4BBB-B972-4B47587F0E64}.Debug|Any CPU.Build.0 = Debug|Any CPU
		{379EC8E0-EEC4-4BBB-B972-4B47587F0E64}.Release|Any CPU.ActiveCfg = Release|Any CPU
		{379EC8E0-EEC4-4BBB-B972-4B47587F0E64}.Release|Any CPU.Build.0 = Release|Any CPU
		{1EFF90B9-438D-47BE-A308-5D5157BBE2AD}.Debug|Any CPU.ActiveCfg = Debug|Any CPU
		{1EFF90B9-438D-47BE-A308-5D5157BBE2AD}.Debug|Any CPU.Build.0 = Debug|Any CPU
		{1EFF90B9-438D-47BE-A308-5D5157BBE2AD}.Release|Any CPU.ActiveCfg = Release|Any CPU
		{1EFF90B9-438D-47BE-A308-5D5157BBE2AD}.Release|Any CPU.Build.0 = Release|Any CPU
		{081ED06B-2D97-4243-A7AA-7485B9D023FD}.Debug|Any CPU.ActiveCfg = Debug|Any CPU
		{081ED06B-2D97-4243-A7AA-7485B9D023FD}.Debug|Any CPU.Build.0 = Debug|Any CPU
		{081ED06B-2D97-4243-A7AA-7485B9D023FD}.Release|Any CPU.ActiveCfg = Release|Any CPU
		{081ED06B-2D97-4243-A7AA-7485B9D023FD}.Release|Any CPU.Build.0 = Release|Any CPU
		{FAFFE962-F749-4F3F-9DA3-27A848E33E3D}.Debug|Any CPU.ActiveCfg = Debug|Any CPU
		{FAFFE962-F749-4F3F-9DA3-27A848E33E3D}.Debug|Any CPU.Build.0 = Debug|Any CPU
		{FAFFE962-F749-4F3F-9DA3-27A848E33E3D}.Release|Any CPU.ActiveCfg = Release|Any CPU
		{FAFFE962-F749-4F3F-9DA3-27A848E33E3D}.Release|Any CPU.Build.0 = Release|Any CPU
		{B4488A19-6345-4229-958F-0CF007FAF77A}.Debug|Any CPU.ActiveCfg = Debug|Any CPU
		{B4488A19-6345-4229-958F-0CF007FAF77A}.Debug|Any CPU.Build.0 = Debug|Any CPU
		{B4488A19-6345-4229-958F-0CF007FAF77A}.Release|Any CPU.ActiveCfg = Release|Any CPU
		{B4488A19-6345-4229-958F-0CF007FAF77A}.Release|Any CPU.Build.0 = Release|Any CPU
		{CCF11C88-0AD1-41D9-A0C4-30A5232F9ECC}.Debug|Any CPU.ActiveCfg = Debug|Any CPU
		{CCF11C88-0AD1-41D9-A0C4-30A5232F9ECC}.Debug|Any CPU.Build.0 = Debug|Any CPU
		{CCF11C88-0AD1-41D9-A0C4-30A5232F9ECC}.Release|Any CPU.ActiveCfg = Release|Any CPU
		{CCF11C88-0AD1-41D9-A0C4-30A5232F9ECC}.Release|Any CPU.Build.0 = Release|Any CPU
		{BE03B1DD-AA99-4B67-B632-B631DF249E81}.Debug|Any CPU.ActiveCfg = Debug|Any CPU
		{BE03B1DD-AA99-4B67-B632-B631DF249E81}.Debug|Any CPU.Build.0 = Debug|Any CPU
		{BE03B1DD-AA99-4B67-B632-B631DF249E81}.Release|Any CPU.ActiveCfg = Release|Any CPU
		{BE03B1DD-AA99-4B67-B632-B631DF249E81}.Release|Any CPU.Build.0 = Release|Any CPU
		{8AE69C10-25E6-40AB-9045-2A3F0638F010}.Debug|Any CPU.ActiveCfg = Debug|Any CPU
		{8AE69C10-25E6-40AB-9045-2A3F0638F010}.Debug|Any CPU.Build.0 = Debug|Any CPU
		{8AE69C10-25E6-40AB-9045-2A3F0638F010}.Release|Any CPU.ActiveCfg = Release|Any CPU
		{8AE69C10-25E6-40AB-9045-2A3F0638F010}.Release|Any CPU.Build.0 = Release|Any CPU
		{07EF10FC-78CF-44B4-A6DA-D05B0BC0EC58}.Debug|Any CPU.ActiveCfg = Debug|Any CPU
		{07EF10FC-78CF-44B4-A6DA-D05B0BC0EC58}.Debug|Any CPU.Build.0 = Debug|Any CPU
		{07EF10FC-78CF-44B4-A6DA-D05B0BC0EC58}.Release|Any CPU.ActiveCfg = Release|Any CPU
		{07EF10FC-78CF-44B4-A6DA-D05B0BC0EC58}.Release|Any CPU.Build.0 = Release|Any CPU
		{1E1ACB61-061D-45E4-9289-A95CB42A5A13}.Debug|Any CPU.ActiveCfg = Debug|Any CPU
		{1E1ACB61-061D-45E4-9289-A95CB42A5A13}.Debug|Any CPU.Build.0 = Debug|Any CPU
		{1E1ACB61-061D-45E4-9289-A95CB42A5A13}.Release|Any CPU.ActiveCfg = Release|Any CPU
		{1E1ACB61-061D-45E4-9289-A95CB42A5A13}.Release|Any CPU.Build.0 = Release|Any CPU
		{79557CD0-777B-4581-BE55-71CC90F91995}.Debug|Any CPU.ActiveCfg = Debug|Any CPU
		{79557CD0-777B-4581-BE55-71CC90F91995}.Debug|Any CPU.Build.0 = Debug|Any CPU
		{79557CD0-777B-4581-BE55-71CC90F91995}.Release|Any CPU.ActiveCfg = Release|Any CPU
		{79557CD0-777B-4581-BE55-71CC90F91995}.Release|Any CPU.Build.0 = Release|Any CPU
		{0C5E3CA9-DAE5-4ACE-B0EB-36ABA66BA504}.Debug|Any CPU.ActiveCfg = Debug|Any CPU
		{0C5E3CA9-DAE5-4ACE-B0EB-36ABA66BA504}.Debug|Any CPU.Build.0 = Debug|Any CPU
		{0C5E3CA9-DAE5-4ACE-B0EB-36ABA66BA504}.Release|Any CPU.ActiveCfg = Release|Any CPU
		{0C5E3CA9-DAE5-4ACE-B0EB-36ABA66BA504}.Release|Any CPU.Build.0 = Release|Any CPU
	EndGlobalSection
	GlobalSection(SolutionProperties) = preSolution
		HideSolutionNode = FALSE
	EndGlobalSection
	GlobalSection(ExtensibilityGlobals) = postSolution
		SolutionGuid = {9DB4880B-6549-4CCA-83CA-201AAD40FA75}
	EndGlobalSection
EndGlobal
