
Microsoft Visual Studio Solution File, Format Version 12.00
# Visual Studio Version 17
VisualStudioVersion = 17.5.002.0
MinimumVisualStudioVersion = 10.0.40219.1
Project("{FAE04EC0-301F-11D3-BF4B-00C04F79EFBC}") = "Assignment2", "Assignment2\Assignment2.csproj", "{44870C8B-E654-4F7F-9B23-CEEC333F176B}"
EndProject
Project("{FAE04EC0-301F-11D3-BF4B-00C04F79EFBC}") = "Assignment3", "Assignment3\Assignment3.csproj", "{BC47F86D-6627-4F88-A61D-A5412BCE1C65}"
EndProject
Project("{FAE04EC0-301F-11D3-BF4B-00C04F79EFBC}") = "Assignment4", "Assignment4\Assignment4.csproj", "{2902B77A-FDBF-448C-9796-CD2950E8410D}"
EndProject
Project("{FAE04EC0-301F-11D3-BF4B-00C04F79EFBC}") = "Assignment5", "Assignment5\Assignment5.csproj", "{7E908CDF-F5A8-4986-A7E7-22EF885181D4}"
EndProject
Project("{FAE04EC0-301F-11D3-BF4B-00C04F79EFBC}") = "Assignment6", "Assignment6\Assignment6.csproj", "{F31440DD-A688-4D14-8092-540BB7F13E92}"
EndProject
Project("{FAE04EC0-301F-11D3-BF4B-00C04F79EFBC}") = "Assignment7", "Assignment7\Assignment7.csproj", "{51EDCBB8-DE71-45EC-AE22-BCA4617FFE19}"
EndProject
Project("{FAE04EC0-301F-11D3-BF4B-00C04F79EFBC}") = "Assignment8", "Assignment8\Assignment8.csproj", "{E0CE8904-A122-44D1-8905-F8A6D7EBD13A}"
EndProject
Project("{FAE04EC0-301F-11D3-BF4B-00C04F79EFBC}") = "Assignment9", "Assignment9\Assignment9.csproj", "{C71B10E3-4AF8-407B-A101-F741E76AD788}"
EndProject
Project("{FAE04EC0-301F-11D3-BF4B-00C04F79EFBC}") = "Assignment10", "Assignment10\Assignment10.csproj", "{A72DF1DB-E339-4A1D-BA63-AC90D8D31CBA}"
EndProject
Project("{FAE04EC0-301F-11D3-BF4B-00C04F79EFBC}") = "Assignment11", "Assignment11\Assignment11.csproj", "{A00A7D45-06CE-46C8-9ADF-80D826FEAF69}"
EndProject
Project("{FAE04EC0-301F-11D3-BF4B-00C04F79EFBC}") = "Assignment12", "Assignment12\Assignment12.csproj", "{71F256BF-62DA-42C3-AEA1-C6124E45BCD8}"
EndProject
Project("{FAE04EC0-301F-11D3-BF4B-00C04F79EFBC}") = "Assignment13", "Assignment13\Assignment13.csproj", "{E86227BB-B749-4481-B56C-A448596F76F2}"
EndProject
Project("{FAE04EC0-301F-11D3-BF4B-00C04F79EFBC}") = "Assignment1", "Assignment1\Assignment1.csproj", "{15838591-ECA8-4D98-936E-23EEA1597D94}"
EndProject
Project("{FAE04EC0-301F-11D3-BF4B-00C04F79EFBC}") = "Assignment 14", "Assignment 14\Assignment 14.csproj", "{CCE41889-D3BB-4B69-850C-26912562933F}"
EndProject
Project("{FAE04EC0-301F-11D3-BF4B-00C04F79EFBC}") = "Assignment 15", "Assignment 15\Assignment 15.csproj", "{803174CB-CBB9-4C61-9ADB-868212C3F835}"
EndProject
Project("{FAE04EC0-301F-11D3-BF4B-00C04F79EFBC}") = "Assignment 16", "Assignment 16\Assignment 16.csproj", "{5F44AF06-E57D-449D-B7BF-91AC4978469D}"
EndProject
Project("{FAE04EC0-301F-11D3-BF4B-00C04F79EFBC}") = "Assignment 17", "Assignment 17\Assignment 17.csproj", "{C41B970B-7464-465B-89B4-B98E1802C3A8}"
EndProject
Project("{FAE04EC0-301F-11D3-BF4B-00C04F79EFBC}") = "Assignment 18", "Assignment 18\Assignment 18.csproj", "{61C17E27-C520-471A-9B71-10DA3A5F0111}"
EndProject
Project("{FAE04EC0-301F-11D3-BF4B-00C04F79EFBC}") = "Assignment 19", "Assignment 19\Assignment 19.csproj", "{2B7AE7C3-EEBB-4933-A1E1-BD5DED2EB161}"
EndProject
Project("{FAE04EC0-301F-11D3-BF4B-00C04F79EFBC}") = "Assignment 20", "Assignment 20\Assignment 20.csproj", "{31EFC6D9-D1D1-46D2-8AED-85A8AB9B29DE}"
EndProject
Project("{FAE04EC0-301F-11D3-BF4B-00C04F79EFBC}") = "Assignment 21", "Assignment 21\Assignment 21.csproj", "{8A1CA157-D34B-45A5-A0D0-F75BB04738C1}"
EndProject
Project("{FAE04EC0-301F-11D3-BF4B-00C04F79EFBC}") = "Assignment 22", "Assignment 22\Assignment 22.csproj", "{E438C5F5-D40E-4585-8B4B-B2CFBDA5678B}"
EndProject
Project("{FAE04EC0-301F-11D3-BF4B-00C04F79EFBC}") = "Assignment 23", "Assignment 23\Assignment 23.csproj", "{4B5828CB-F171-4FFE-BE2C-91B23E460C89}"
EndProject
Project("{FAE04EC0-301F-11D3-BF4B-00C04F79EFBC}") = "Assignment 24", "Assignment 24\Assignment 24.csproj", "{0AF074CF-3B98-4EF0-BE28-CAAC56CE0D51}"
EndProject
Project("{FAE04EC0-301F-11D3-BF4B-00C04F79EFBC}") = "Assignment 25", "Assignment 25\Assignment 25.csproj", "{D48968A3-7DCC-4AE4-BFA2-AF428A58B63F}"
EndProject
Project("{FAE04EC0-301F-11D3-BF4B-00C04F79EFBC}") = "Assignment 26", "Assignment 26\Assignment 26.csproj", "{7CEE97A1-8CB5-403C-B02C-3C9457992060}"
EndProject
Project("{FAE04EC0-301F-11D3-BF4B-00C04F79EFBC}") = "Assignment 27", "Assignment 27\Assignment 27.csproj", "{04667215-2EA8-4412-AC3D-55F6830B04F6}"
EndProject
Project("{FAE04EC0-301F-11D3-BF4B-00C04F79EFBC}") = "Assignment 28", "Assignment 28\Assignment 28.csproj", "{4605D3E0-EEFD-467B-AED3-98BDBAFC348C}"
EndProject
Project("{FAE04EC0-301F-11D3-BF4B-00C04F79EFBC}") = "Assignment 29", "Assignment 29\Assignment 29.csproj", "{14F9BBDC-3EE3-4BAA-9D86-398EB33810B7}"
EndProject
Project("{FAE04EC0-301F-11D3-BF4B-00C04F79EFBC}") = "Assignment 30", "Assignment 30\Assignment 30.csproj", "{0CB9A15A-5AD6-46A3-AEAA-E0A06E196DF6}"
EndProject
Project("{FAE04EC0-301F-11D3-BF4B-00C04F79EFBC}") = "Assignment 31", "Assignment 31\Assignment 31.csproj", "{1655AF59-6EF3-43F1-B09E-CFF0D04845FA}"
EndProject
Project("{FAE04EC0-301F-11D3-BF4B-00C04F79EFBC}") = "Assignment 32", "Assignment 32\Assignment 32.csproj", "{E07F57C6-C172-4826-9BF4-A3EE12371495}"
EndProject
Project("{FAE04EC0-301F-11D3-BF4B-00C04F79EFBC}") = "Assignment 33", "Assignment 33\Assignment 33.csproj", "{6D740C06-9F24-4D8C-8F86-5D142C991001}"
EndProject
Project("{FAE04EC0-301F-11D3-BF4B-00C04F79EFBC}") = "Assignment 34", "Assignment 34\Assignment 34.csproj", "{B61408C9-2735-4280-8C97-587E5703AD9B}"
EndProject
Project("{FAE04EC0-301F-11D3-BF4B-00C04F79EFBC}") = "Assignment 35", "Assignment 35\Assignment 35.csproj", "{0D49A3DA-BD33-453E-892B-589E307EF61F}"
EndProject
Project("{FAE04EC0-301F-11D3-BF4B-00C04F79EFBC}") = "Assignment 36", "Assignment 36\Assignment 36.csproj", "{CE2B84AD-7B67-436A-870D-F687E75C4616}"
EndProject
Project("{FAE04EC0-301F-11D3-BF4B-00C04F79EFBC}") = "Assignment 37", "Assignment 37\Assignment 37.csproj", "{112F0160-8000-4D1A-951A-01B14AB5582E}"
EndProject
Global
	GlobalSection(SolutionConfigurationPlatforms) = preSolution
		Debug|Any CPU = Debug|Any CPU
		Release|Any CPU = Release|Any CPU
	EndGlobalSection
	GlobalSection(ProjectConfigurationPlatforms) = postSolution
		{44870C8B-E654-4F7F-9B23-CEEC333F176B}.Debug|Any CPU.ActiveCfg = Debug|Any CPU
		{44870C8B-E654-4F7F-9B23-CEEC333F176B}.Debug|Any CPU.Build.0 = Debug|Any CPU
		{44870C8B-E654-4F7F-9B23-CEEC333F176B}.Release|Any CPU.ActiveCfg = Release|Any CPU
		{44870C8B-E654-4F7F-9B23-CEEC333F176B}.Release|Any CPU.Build.0 = Release|Any CPU
		{BC47F86D-6627-4F88-A61D-A5412BCE1C65}.Debug|Any CPU.ActiveCfg = Debug|Any CPU
		{BC47F86D-6627-4F88-A61D-A5412BCE1C65}.Debug|Any CPU.Build.0 = Debug|Any CPU
		{BC47F86D-6627-4F88-A61D-A5412BCE1C65}.Release|Any CPU.ActiveCfg = Release|Any CPU
		{BC47F86D-6627-4F88-A61D-A5412BCE1C65}.Release|Any CPU.Build.0 = Release|Any CPU
		{2902B77A-FDBF-448C-9796-CD2950E8410D}.Debug|Any CPU.ActiveCfg = Debug|Any CPU
		{2902B77A-FDBF-448C-9796-CD2950E8410D}.Debug|Any CPU.Build.0 = Debug|Any CPU
		{2902B77A-FDBF-448C-9796-CD2950E8410D}.Release|Any CPU.ActiveCfg = Release|Any CPU
		{2902B77A-FDBF-448C-9796-CD2950E8410D}.Release|Any CPU.Build.0 = Release|Any CPU
		{7E908CDF-F5A8-4986-A7E7-22EF885181D4}.Debug|Any CPU.ActiveCfg = Debug|Any CPU
		{7E908CDF-F5A8-4986-A7E7-22EF885181D4}.Debug|Any CPU.Build.0 = Debug|Any CPU
		{7E908CDF-F5A8-4986-A7E7-22EF885181D4}.Release|Any CPU.ActiveCfg = Release|Any CPU
		{7E908CDF-F5A8-4986-A7E7-22EF885181D4}.Release|Any CPU.Build.0 = Release|Any CPU
		{F31440DD-A688-4D14-8092-540BB7F13E92}.Debug|Any CPU.ActiveCfg = Debug|Any CPU
		{F31440DD-A688-4D14-8092-540BB7F13E92}.Debug|Any CPU.Build.0 = Debug|Any CPU
		{F31440DD-A688-4D14-8092-540BB7F13E92}.Release|Any CPU.ActiveCfg = Release|Any CPU
		{F31440DD-A688-4D14-8092-540BB7F13E92}.Release|Any CPU.Build.0 = Release|Any CPU
		{51EDCBB8-DE71-45EC-AE22-BCA4617FFE19}.Debug|Any CPU.ActiveCfg = Debug|Any CPU
		{51EDCBB8-DE71-45EC-AE22-BCA4617FFE19}.Debug|Any CPU.Build.0 = Debug|Any CPU
		{51EDCBB8-DE71-45EC-AE22-BCA4617FFE19}.Release|Any CPU.ActiveCfg = Release|Any CPU
		{51EDCBB8-DE71-45EC-AE22-BCA4617FFE19}.Release|Any CPU.Build.0 = Release|Any CPU
		{E0CE8904-A122-44D1-8905-F8A6D7EBD13A}.Debug|Any CPU.ActiveCfg = Debug|Any CPU
		{E0CE8904-A122-44D1-8905-F8A6D7EBD13A}.Debug|Any CPU.Build.0 = Debug|Any CPU
		{E0CE8904-A122-44D1-8905-F8A6D7EBD13A}.Release|Any CPU.ActiveCfg = Release|Any CPU
		{E0CE8904-A122-44D1-8905-F8A6D7EBD13A}.Release|Any CPU.Build.0 = Release|Any CPU
		{C71B10E3-4AF8-407B-A101-F741E76AD788}.Debug|Any CPU.ActiveCfg = Debug|Any CPU
		{C71B10E3-4AF8-407B-A101-F741E76AD788}.Debug|Any CPU.Build.0 = Debug|Any CPU
		{C71B10E3-4AF8-407B-A101-F741E76AD788}.Release|Any CPU.ActiveCfg = Release|Any CPU
		{C71B10E3-4AF8-407B-A101-F741E76AD788}.Release|Any CPU.Build.0 = Release|Any CPU
		{A72DF1DB-E339-4A1D-BA63-AC90D8D31CBA}.Debug|Any CPU.ActiveCfg = Debug|Any CPU
		{A72DF1DB-E339-4A1D-BA63-AC90D8D31CBA}.Debug|Any CPU.Build.0 = Debug|Any CPU
		{A72DF1DB-E339-4A1D-BA63-AC90D8D31CBA}.Release|Any CPU.ActiveCfg = Release|Any CPU
		{A72DF1DB-E339-4A1D-BA63-AC90D8D31CBA}.Release|Any CPU.Build.0 = Release|Any CPU
		{A00A7D45-06CE-46C8-9ADF-80D826FEAF69}.Debug|Any CPU.ActiveCfg = Debug|Any CPU
		{A00A7D45-06CE-46C8-9ADF-80D826FEAF69}.Debug|Any CPU.Build.0 = Debug|Any CPU
		{A00A7D45-06CE-46C8-9ADF-80D826FEAF69}.Release|Any CPU.ActiveCfg = Release|Any CPU
		{A00A7D45-06CE-46C8-9ADF-80D826FEAF69}.Release|Any CPU.Build.0 = Release|Any CPU
		{71F256BF-62DA-42C3-AEA1-C6124E45BCD8}.Debug|Any CPU.ActiveCfg = Debug|Any CPU
		{71F256BF-62DA-42C3-AEA1-C6124E45BCD8}.Debug|Any CPU.Build.0 = Debug|Any CPU
		{71F256BF-62DA-42C3-AEA1-C6124E45BCD8}.Release|Any CPU.ActiveCfg = Release|Any CPU
		{71F256BF-62DA-42C3-AEA1-C6124E45BCD8}.Release|Any CPU.Build.0 = Release|Any CPU
		{E86227BB-B749-4481-B56C-A448596F76F2}.Debug|Any CPU.ActiveCfg = Debug|Any CPU
		{E86227BB-B749-4481-B56C-A448596F76F2}.Debug|Any CPU.Build.0 = Debug|Any CPU
		{E86227BB-B749-4481-B56C-A448596F76F2}.Release|Any CPU.ActiveCfg = Release|Any CPU
		{E86227BB-B749-4481-B56C-A448596F76F2}.Release|Any CPU.Build.0 = Release|Any CPU
		{15838591-ECA8-4D98-936E-23EEA1597D94}.Debug|Any CPU.ActiveCfg = Debug|Any CPU
		{15838591-ECA8-4D98-936E-23EEA1597D94}.Debug|Any CPU.Build.0 = Debug|Any CPU
		{15838591-ECA8-4D98-936E-23EEA1597D94}.Release|Any CPU.ActiveCfg = Release|Any CPU
		{15838591-ECA8-4D98-936E-23EEA1597D94}.Release|Any CPU.Build.0 = Release|Any CPU
		{CCE41889-D3BB-4B69-850C-26912562933F}.Debug|Any CPU.ActiveCfg = Debug|Any CPU
		{CCE41889-D3BB-4B69-850C-26912562933F}.Debug|Any CPU.Build.0 = Debug|Any CPU
		{CCE41889-D3BB-4B69-850C-26912562933F}.Release|Any CPU.ActiveCfg = Release|Any CPU
		{CCE41889-D3BB-4B69-850C-26912562933F}.Release|Any CPU.Build.0 = Release|Any CPU
		{803174CB-CBB9-4C61-9ADB-868212C3F835}.Debug|Any CPU.ActiveCfg = Debug|Any CPU
		{803174CB-CBB9-4C61-9ADB-868212C3F835}.Debug|Any CPU.Build.0 = Debug|Any CPU
		{803174CB-CBB9-4C61-9ADB-868212C3F835}.Release|Any CPU.ActiveCfg = Release|Any CPU
		{803174CB-CBB9-4C61-9ADB-868212C3F835}.Release|Any CPU.Build.0 = Release|Any CPU
		{5F44AF06-E57D-449D-B7BF-91AC4978469D}.Debug|Any CPU.ActiveCfg = Debug|Any CPU
		{5F44AF06-E57D-449D-B7BF-91AC4978469D}.Debug|Any CPU.Build.0 = Debug|Any CPU
		{5F44AF06-E57D-449D-B7BF-91AC4978469D}.Release|Any CPU.ActiveCfg = Release|Any CPU
		{5F44AF06-E57D-449D-B7BF-91AC4978469D}.Release|Any CPU.Build.0 = Release|Any CPU
		{C41B970B-7464-465B-89B4-B98E1802C3A8}.Debug|Any CPU.ActiveCfg = Debug|Any CPU
		{C41B970B-7464-465B-89B4-B98E1802C3A8}.Debug|Any CPU.Build.0 = Debug|Any CPU
		{C41B970B-7464-465B-89B4-B98E1802C3A8}.Release|Any CPU.ActiveCfg = Release|Any CPU
		{C41B970B-7464-465B-89B4-B98E1802C3A8}.Release|Any CPU.Build.0 = Release|Any CPU
		{61C17E27-C520-471A-9B71-10DA3A5F0111}.Debug|Any CPU.ActiveCfg = Debug|Any CPU
		{61C17E27-C520-471A-9B71-10DA3A5F0111}.Debug|Any CPU.Build.0 = Debug|Any CPU
		{61C17E27-C520-471A-9B71-10DA3A5F0111}.Release|Any CPU.ActiveCfg = Release|Any CPU
		{61C17E27-C520-471A-9B71-10DA3A5F0111}.Release|Any CPU.Build.0 = Release|Any CPU
		{2B7AE7C3-EEBB-4933-A1E1-BD5DED2EB161}.Debug|Any CPU.ActiveCfg = Debug|Any CPU
		{2B7AE7C3-EEBB-4933-A1E1-BD5DED2EB161}.Debug|Any CPU.Build.0 = Debug|Any CPU
		{2B7AE7C3-EEBB-4933-A1E1-BD5DED2EB161}.Release|Any CPU.ActiveCfg = Release|Any CPU
		{2B7AE7C3-EEBB-4933-A1E1-BD5DED2EB161}.Release|Any CPU.Build.0 = Release|Any CPU
		{31EFC6D9-D1D1-46D2-8AED-85A8AB9B29DE}.Debug|Any CPU.ActiveCfg = Debug|Any CPU
		{31EFC6D9-D1D1-46D2-8AED-85A8AB9B29DE}.Debug|Any CPU.Build.0 = Debug|Any CPU
		{31EFC6D9-D1D1-46D2-8AED-85A8AB9B29DE}.Release|Any CPU.ActiveCfg = Release|Any CPU
		{31EFC6D9-D1D1-46D2-8AED-85A8AB9B29DE}.Release|Any CPU.Build.0 = Release|Any CPU
		{8A1CA157-D34B-45A5-A0D0-F75BB04738C1}.Debug|Any CPU.ActiveCfg = Debug|Any CPU
		{8A1CA157-D34B-45A5-A0D0-F75BB04738C1}.Debug|Any CPU.Build.0 = Debug|Any CPU
		{8A1CA157-D34B-45A5-A0D0-F75BB04738C1}.Release|Any CPU.ActiveCfg = Release|Any CPU
		{8A1CA157-D34B-45A5-A0D0-F75BB04738C1}.Release|Any CPU.Build.0 = Release|Any CPU
		{E438C5F5-D40E-4585-8B4B-B2CFBDA5678B}.Debug|Any CPU.ActiveCfg = Debug|Any CPU
		{E438C5F5-D40E-4585-8B4B-B2CFBDA5678B}.Debug|Any CPU.Build.0 = Debug|Any CPU
		{E438C5F5-D40E-4585-8B4B-B2CFBDA5678B}.Release|Any CPU.ActiveCfg = Release|Any CPU
		{E438C5F5-D40E-4585-8B4B-B2CFBDA5678B}.Release|Any CPU.Build.0 = Release|Any CPU
		{4B5828CB-F171-4FFE-BE2C-91B23E460C89}.Debug|Any CPU.ActiveCfg = Debug|Any CPU
		{4B5828CB-F171-4FFE-BE2C-91B23E460C89}.Debug|Any CPU.Build.0 = Debug|Any CPU
		{4B5828CB-F171-4FFE-BE2C-91B23E460C89}.Release|Any CPU.ActiveCfg = Release|Any CPU
		{4B5828CB-F171-4FFE-BE2C-91B23E460C89}.Release|Any CPU.Build.0 = Release|Any CPU
		{0AF074CF-3B98-4EF0-BE28-CAAC56CE0D51}.Debug|Any CPU.ActiveCfg = Debug|Any CPU
		{0AF074CF-3B98-4EF0-BE28-CAAC56CE0D51}.Debug|Any CPU.Build.0 = Debug|Any CPU
		{0AF074CF-3B98-4EF0-BE28-CAAC56CE0D51}.Release|Any CPU.ActiveCfg = Release|Any CPU
		{0AF074CF-3B98-4EF0-BE28-CAAC56CE0D51}.Release|Any CPU.Build.0 = Release|Any CPU
		{D48968A3-7DCC-4AE4-BFA2-AF428A58B63F}.Debug|Any CPU.ActiveCfg = Debug|Any CPU
		{D48968A3-7DCC-4AE4-BFA2-AF428A58B63F}.Debug|Any CPU.Build.0 = Debug|Any CPU
		{D48968A3-7DCC-4AE4-BFA2-AF428A58B63F}.Release|Any CPU.ActiveCfg = Release|Any CPU
		{D48968A3-7DCC-4AE4-BFA2-AF428A58B63F}.Release|Any CPU.Build.0 = Release|Any CPU
		{7CEE97A1-8CB5-403C-B02C-3C9457992060}.Debug|Any CPU.ActiveCfg = Debug|Any CPU
		{7CEE97A1-8CB5-403C-B02C-3C9457992060}.Debug|Any CPU.Build.0 = Debug|Any CPU
		{7CEE97A1-8CB5-403C-B02C-3C9457992060}.Release|Any CPU.ActiveCfg = Release|Any CPU
		{7CEE97A1-8CB5-403C-B02C-3C9457992060}.Release|Any CPU.Build.0 = Release|Any CPU
		{04667215-2EA8-4412-AC3D-55F6830B04F6}.Debug|Any CPU.ActiveCfg = Debug|Any CPU
		{04667215-2EA8-4412-AC3D-55F6830B04F6}.Debug|Any CPU.Build.0 = Debug|Any CPU
		{04667215-2EA8-4412-AC3D-55F6830B04F6}.Release|Any CPU.ActiveCfg = Release|Any CPU
		{04667215-2EA8-4412-AC3D-55F6830B04F6}.Release|Any CPU.Build.0 = Release|Any CPU
		{4605D3E0-EEFD-467B-AED3-98BDBAFC348C}.Debug|Any CPU.ActiveCfg = Debug|Any CPU
		{4605D3E0-EEFD-467B-AED3-98BDBAFC348C}.Debug|Any CPU.Build.0 = Debug|Any CPU
		{4605D3E0-EEFD-467B-AED3-98BDBAFC348C}.Release|Any CPU.ActiveCfg = Release|Any CPU
		{4605D3E0-EEFD-467B-AED3-98BDBAFC348C}.Release|Any CPU.Build.0 = Release|Any CPU
		{14F9BBDC-3EE3-4BAA-9D86-398EB33810B7}.Debug|Any CPU.ActiveCfg = Debug|Any CPU
		{14F9BBDC-3EE3-4BAA-9D86-398EB33810B7}.Debug|Any CPU.Build.0 = Debug|Any CPU
		{14F9BBDC-3EE3-4BAA-9D86-398EB33810B7}.Release|Any CPU.ActiveCfg = Release|Any CPU
		{14F9BBDC-3EE3-4BAA-9D86-398EB33810B7}.Release|Any CPU.Build.0 = Release|Any CPU
		{0CB9A15A-5AD6-46A3-AEAA-E0A06E196DF6}.Debug|Any CPU.ActiveCfg = Debug|Any CPU
		{0CB9A15A-5AD6-46A3-AEAA-E0A06E196DF6}.Debug|Any CPU.Build.0 = Debug|Any CPU
		{0CB9A15A-5AD6-46A3-AEAA-E0A06E196DF6}.Release|Any CPU.ActiveCfg = Release|Any CPU
		{0CB9A15A-5AD6-46A3-AEAA-E0A06E196DF6}.Release|Any CPU.Build.0 = Release|Any CPU
		{1655AF59-6EF3-43F1-B09E-CFF0D04845FA}.Debug|Any CPU.ActiveCfg = Debug|Any CPU
		{1655AF59-6EF3-43F1-B09E-CFF0D04845FA}.Debug|Any CPU.Build.0 = Debug|Any CPU
		{1655AF59-6EF3-43F1-B09E-CFF0D04845FA}.Release|Any CPU.ActiveCfg = Release|Any CPU
		{1655AF59-6EF3-43F1-B09E-CFF0D04845FA}.Release|Any CPU.Build.0 = Release|Any CPU
		{E07F57C6-C172-4826-9BF4-A3EE12371495}.Debug|Any CPU.ActiveCfg = Debug|Any CPU
		{E07F57C6-C172-4826-9BF4-A3EE12371495}.Debug|Any CPU.Build.0 = Debug|Any CPU
		{E07F57C6-C172-4826-9BF4-A3EE12371495}.Release|Any CPU.ActiveCfg = Release|Any CPU
		{E07F57C6-C172-4826-9BF4-A3EE12371495}.Release|Any CPU.Build.0 = Release|Any CPU
		{6D740C06-9F24-4D8C-8F86-5D142C991001}.Debug|Any CPU.ActiveCfg = Debug|Any CPU
		{6D740C06-9F24-4D8C-8F86-5D142C991001}.Debug|Any CPU.Build.0 = Debug|Any CPU
		{6D740C06-9F24-4D8C-8F86-5D142C991001}.Release|Any CPU.ActiveCfg = Release|Any CPU
		{6D740C06-9F24-4D8C-8F86-5D142C991001}.Release|Any CPU.Build.0 = Release|Any CPU
		{B61408C9-2735-4280-8C97-587E5703AD9B}.Debug|Any CPU.ActiveCfg = Debug|Any CPU
		{B61408C9-2735-4280-8C97-587E5703AD9B}.Debug|Any CPU.Build.0 = Debug|Any CPU
		{B61408C9-2735-4280-8C97-587E5703AD9B}.Release|Any CPU.ActiveCfg = Release|Any CPU
		{B61408C9-2735-4280-8C97-587E5703AD9B}.Release|Any CPU.Build.0 = Release|Any CPU
		{0D49A3DA-BD33-453E-892B-589E307EF61F}.Debug|Any CPU.ActiveCfg = Debug|Any CPU
		{0D49A3DA-BD33-453E-892B-589E307EF61F}.Debug|Any CPU.Build.0 = Debug|Any CPU
		{0D49A3DA-BD33-453E-892B-589E307EF61F}.Release|Any CPU.ActiveCfg = Release|Any CPU
		{0D49A3DA-BD33-453E-892B-589E307EF61F}.Release|Any CPU.Build.0 = Release|Any CPU
		{CE2B84AD-7B67-436A-870D-F687E75C4616}.Debug|Any CPU.ActiveCfg = Debug|Any CPU
		{CE2B84AD-7B67-436A-870D-F687E75C4616}.Debug|Any CPU.Build.0 = Debug|Any CPU
		{CE2B84AD-7B67-436A-870D-F687E75C4616}.Release|Any CPU.ActiveCfg = Release|Any CPU
		{CE2B84AD-7B67-436A-870D-F687E75C4616}.Release|Any CPU.Build.0 = Release|Any CPU
		{112F0160-8000-4D1A-951A-01B14AB5582E}.Debug|Any CPU.ActiveCfg = Debug|Any CPU
		{112F0160-8000-4D1A-951A-01B14AB5582E}.Debug|Any CPU.Build.0 = Debug|Any CPU
		{112F0160-8000-4D1A-951A-01B14AB5582E}.Release|Any CPU.ActiveCfg = Release|Any CPU
		{112F0160-8000-4D1A-951A-01B14AB5582E}.Release|Any CPU.Build.0 = Release|Any CPU
	EndGlobalSection
	GlobalSection(SolutionProperties) = preSolution
		HideSolutionNode = FALSE
	EndGlobalSection
	GlobalSection(ExtensibilityGlobals) = postSolution
		SolutionGuid = {A59BC714-8EFE-445E-AC54-785B78535521}
	EndGlobalSection
EndGlobal
