
Microsoft Visual Studio Solution File, Format Version 12.00
# Visual Studio Version 17
VisualStudioVersion = 17.5.002.0
MinimumVisualStudioVersion = 10.0.40219.1
Project("{9A19103F-16F7-4668-BE54-9A1E7A4F7556}") = "Assignment 1", "Assignment 1\Assignment 1.csproj", "{82BC00DA-A5BB-4AD6-968F-AD9AB92C95EB}"
EndProject
Project("{FAE04EC0-301F-11D3-BF4B-00C04F79EFBC}") = "Assignment 2", "Assignment 2\Assignment 2.csproj", "{CBE91761-3043-4E30-A2AE-FED678DA43BC}"
EndProject
Project("{FAE04EC0-301F-11D3-BF4B-00C04F79EFBC}") = "Assignment 3", "Assignment 3\Assignment 3.csproj", "{5F87EC1C-04D1-45C6-9162-9D5B6FD9C94B}"
EndProject
Project("{FAE04EC0-301F-11D3-BF4B-00C04F79EFBC}") = "Assignment 4", "Assignment 4\Assignment 4.csproj", "{B3B3E0CE-A6D4-4E27-BDE1-459B4F088AD5}"
EndProject
Project("{FAE04EC0-301F-11D3-BF4B-00C04F79EFBC}") = "Assignment 5", "Assignment 5\Assignment 5.csproj", "{0093669A-BFD7-4C52-A20A-C360E6A39CF6}"
EndProject
Project("{FAE04EC0-301F-11D3-BF4B-00C04F79EFBC}") = "Assignment 6", "Assignment 6\Assignment 6.csproj", "{4AB0FBAC-4D46-4A58-83D8-3403FCDD34B9}"
EndProject
Project("{FAE04EC0-301F-11D3-BF4B-00C04F79EFBC}") = "Assignment 7", "Assignment 7\Assignment 7.csproj", "{C618F965-27A1-4D32-A15E-A274824B3275}"
EndProject
Project("{FAE04EC0-301F-11D3-BF4B-00C04F79EFBC}") = "Assignment 8", "Assignment 8\Assignment 8.csproj", "{6A9153ED-0D86-4F4F-864C-80161C56AD30}"
EndProject
Project("{FAE04EC0-301F-11D3-BF4B-00C04F79EFBC}") = "Assignment 9", "Assignment 9\Assignment 9.csproj", "{438301D8-7241-48CB-8AA9-742B9A7FA13B}"
EndProject
Project("{FAE04EC0-301F-11D3-BF4B-00C04F79EFBC}") = "Assignment 10", "Assignment 10\Assignment 10.csproj", "{9AB5B286-5D61-46CF-9004-A6C6AD70AEE8}"
EndProject
Project("{FAE04EC0-301F-11D3-BF4B-00C04F79EFBC}") = "Assignment 11", "Assignment 11\Assignment 11.csproj", "{B956F2DD-E83E-4EE3-9F35-AB608216E97A}"
EndProject
Project("{FAE04EC0-301F-11D3-BF4B-00C04F79EFBC}") = "Assignment 12", "Assignment 12\Assignment 12.csproj", "{21F5D112-7BA0-4B85-AD45-FF1FE9F58B58}"
EndProject
Project("{FAE04EC0-301F-11D3-BF4B-00C04F79EFBC}") = "Assignment 13", "Assignment 13\Assignment 13.csproj", "{C929859B-A043-4E94-8D22-3A0FE2C598DE}"
EndProject
Project("{FAE04EC0-301F-11D3-BF4B-00C04F79EFBC}") = "Assignment 14", "Assignment 14\Assignment 14.csproj", "{CC93D711-524C-49AC-9826-3A6D520C44C3}"
EndProject
Project("{FAE04EC0-301F-11D3-BF4B-00C04F79EFBC}") = "Assignment 15", "Assignment 15\Assignment 15.csproj", "{705AE531-1059-43DF-BA70-777970C4D448}"
EndProject
Project("{FAE04EC0-301F-11D3-BF4B-00C04F79EFBC}") = "Assignment 16", "Assignment 16\Assignment 16.csproj", "{EEE9ECC0-47BF-4416-B4BA-0BAC79B53578}"
EndProject
Project("{FAE04EC0-301F-11D3-BF4B-00C04F79EFBC}") = "Assignment 17", "Assignment 17\Assignment 17.csproj", "{12605C1E-74CC-496A-AA01-CCC1538BE074}"
EndProject
Project("{FAE04EC0-301F-11D3-BF4B-00C04F79EFBC}") = "Assignment 18", "Assignment 18\Assignment 18.csproj", "{4FF604BB-2099-4F93-9865-E0C2EC66EC54}"
EndProject
Project("{FAE04EC0-301F-11D3-BF4B-00C04F79EFBC}") = "Assignment 19", "Assignment 19\Assignment 19.csproj", "{0F059610-7E47-44EC-B512-5AE4CA4B9CBF}"
EndProject
Project("{FAE04EC0-301F-11D3-BF4B-00C04F79EFBC}") = "Assignment 20", "Assignment 20\Assignment 20.csproj", "{7E3E02D9-A178-45FC-9DF1-B71B5A85F9E6}"
EndProject
Project("{FAE04EC0-301F-11D3-BF4B-00C04F79EFBC}") = "Assignment 21", "Assignment 21\Assignment 21.csproj", "{0DC8B52C-2373-41EF-B612-6CE6C8C9CAB5}"
EndProject
Project("{FAE04EC0-301F-11D3-BF4B-00C04F79EFBC}") = "Assignment 22", "Assignment 22\Assignment 22.csproj", "{2FA8ED4C-F1D1-4328-9B4E-36D7FC327957}"
EndProject
Project("{FAE04EC0-301F-11D3-BF4B-00C04F79EFBC}") = "Assignment 23", "Assignment 23\Assignment 23.csproj", "{F5443DB8-F955-4304-8CB8-A84ED588849A}"
EndProject
Project("{FAE04EC0-301F-11D3-BF4B-00C04F79EFBC}") = "Assignment 24", "Assignment 24\Assignment 24.csproj", "{EB6A637A-C45C-4AC3-9709-2F3BD7C4D4DC}"
EndProject
Project("{FAE04EC0-301F-11D3-BF4B-00C04F79EFBC}") = "Assignment 25", "Assignment 25\Assignment 25.csproj", "{726B788F-268F-40E3-8AB1-443467FB1E27}"
EndProject
Project("{FAE04EC0-301F-11D3-BF4B-00C04F79EFBC}") = "Assignment 26", "Assignment 26\Assignment 26.csproj", "{9F1F7159-8222-4DF9-B2CD-DEBF5462F713}"
EndProject
Project("{FAE04EC0-301F-11D3-BF4B-00C04F79EFBC}") = "Assignment 27", "Assignment 27\Assignment 27.csproj", "{128F9ADF-08F3-4F0F-9FE5-DA123A55485E}"
EndProject
Project("{FAE04EC0-301F-11D3-BF4B-00C04F79EFBC}") = "Assignment 28", "Assignment 28\Assignment 28.csproj", "{FD92915D-7ABD-4A59-B571-5C4252549CAD}"
EndProject
Project("{FAE04EC0-301F-11D3-BF4B-00C04F79EFBC}") = "Assignment 29", "Assignment 29\Assignment 29.csproj", "{2B746D09-51CA-4744-938E-45539AD73735}"
EndProject
Project("{FAE04EC0-301F-11D3-BF4B-00C04F79EFBC}") = "Assignment 30", "Assignment 30\Assignment 30.csproj", "{BC064871-FDB8-49A1-A557-4C1792975EBB}"
EndProject
Project("{FAE04EC0-301F-11D3-BF4B-00C04F79EFBC}") = "Assignment 31", "Assignment 31\Assignment 31.csproj", "{F22936A2-EBC2-411F-9C39-179A2F975030}"
EndProject
Project("{FAE04EC0-301F-11D3-BF4B-00C04F79EFBC}") = "Assignment 32", "Assignment 32\Assignment 32.csproj", "{FF6BF617-B350-4CF8-8139-FF198CDB90E1}"
EndProject
Project("{FAE04EC0-301F-11D3-BF4B-00C04F79EFBC}") = "Assignment 33", "Assignment 33\Assignment 33.csproj", "{132DF822-E548-4F5E-8C4F-92B068595DDD}"
EndProject
Project("{FAE04EC0-301F-11D3-BF4B-00C04F79EFBC}") = "Assignment 34", "Assignment 34\Assignment 34.csproj", "{0ECB02B6-64CF-4202-A902-BC0C3F67149B}"
EndProject
Project("{FAE04EC0-301F-11D3-BF4B-00C04F79EFBC}") = "Assignment 35", "Assignment 35\Assignment 35.csproj", "{CF6D424E-342C-4F9E-9C19-7F6A04E74285}"
EndProject
Project("{FAE04EC0-301F-11D3-BF4B-00C04F79EFBC}") = "Assignment 36", "Assignment 36\Assignment 36.csproj", "{2CA67207-7C03-44F8-944E-55596854D10E}"
EndProject
Project("{FAE04EC0-301F-11D3-BF4B-00C04F79EFBC}") = "Assignment 37", "Assignment 37\Assignment 37.csproj", "{0B0304B8-D917-4475-8172-BE76806E3151}"
EndProject
Project("{FAE04EC0-301F-11D3-BF4B-00C04F79EFBC}") = "Assignment 38", "Assignment 38\Assignment 38.csproj", "{769FC7D2-00C8-451A-98C7-F9C986801C09}"
EndProject
Project("{FAE04EC0-301F-11D3-BF4B-00C04F79EFBC}") = "Assignment 39", "Assignment 39\Assignment 39.csproj", "{F4BAD10C-BC7F-4F06-9A32-D73CE630D63F}"
EndProject
Project("{FAE04EC0-301F-11D3-BF4B-00C04F79EFBC}") = "Assignment 40", "Assignment 40\Assignment 40.csproj", "{896F8F69-D8E5-4A73-A221-8F758E4856C8}"
EndProject
Project("{FAE04EC0-301F-11D3-BF4B-00C04F79EFBC}") = "Assignment 41", "Assignment 41\Assignment 41.csproj", "{170A729F-A77E-4070-92F7-5327B0B51219}"
EndProject
Global
	GlobalSection(SolutionConfigurationPlatforms) = preSolution
		Debug|Any CPU = Debug|Any CPU
		Release|Any CPU = Release|Any CPU
	EndGlobalSection
	GlobalSection(ProjectConfigurationPlatforms) = postSolution
		{82BC00DA-A5BB-4AD6-968F-AD9AB92C95EB}.Debug|Any CPU.ActiveCfg = Debug|Any CPU
		{82BC00DA-A5BB-4AD6-968F-AD9AB92C95EB}.Debug|Any CPU.Build.0 = Debug|Any CPU
		{82BC00DA-A5BB-4AD6-968F-AD9AB92C95EB}.Release|Any CPU.ActiveCfg = Release|Any CPU
		{82BC00DA-A5BB-4AD6-968F-AD9AB92C95EB}.Release|Any CPU.Build.0 = Release|Any CPU
		{CBE91761-3043-4E30-A2AE-FED678DA43BC}.Debug|Any CPU.ActiveCfg = Debug|Any CPU
		{CBE91761-3043-4E30-A2AE-FED678DA43BC}.Debug|Any CPU.Build.0 = Debug|Any CPU
		{CBE91761-3043-4E30-A2AE-FED678DA43BC}.Release|Any CPU.ActiveCfg = Release|Any CPU
		{CBE91761-3043-4E30-A2AE-FED678DA43BC}.Release|Any CPU.Build.0 = Release|Any CPU
		{5F87EC1C-04D1-45C6-9162-9D5B6FD9C94B}.Debug|Any CPU.ActiveCfg = Debug|Any CPU
		{5F87EC1C-04D1-45C6-9162-9D5B6FD9C94B}.Debug|Any CPU.Build.0 = Debug|Any CPU
		{5F87EC1C-04D1-45C6-9162-9D5B6FD9C94B}.Release|Any CPU.ActiveCfg = Release|Any CPU
		{5F87EC1C-04D1-45C6-9162-9D5B6FD9C94B}.Release|Any CPU.Build.0 = Release|Any CPU
		{B3B3E0CE-A6D4-4E27-BDE1-459B4F088AD5}.Debug|Any CPU.ActiveCfg = Debug|Any CPU
		{B3B3E0CE-A6D4-4E27-BDE1-459B4F088AD5}.Debug|Any CPU.Build.0 = Debug|Any CPU
		{B3B3E0CE-A6D4-4E27-BDE1-459B4F088AD5}.Release|Any CPU.ActiveCfg = Release|Any CPU
		{B3B3E0CE-A6D4-4E27-BDE1-459B4F088AD5}.Release|Any CPU.Build.0 = Release|Any CPU
		{0093669A-BFD7-4C52-A20A-C360E6A39CF6}.Debug|Any CPU.ActiveCfg = Debug|Any CPU
		{0093669A-BFD7-4C52-A20A-C360E6A39CF6}.Debug|Any CPU.Build.0 = Debug|Any CPU
		{0093669A-BFD7-4C52-A20A-C360E6A39CF6}.Release|Any CPU.ActiveCfg = Release|Any CPU
		{0093669A-BFD7-4C52-A20A-C360E6A39CF6}.Release|Any CPU.Build.0 = Release|Any CPU
		{4AB0FBAC-4D46-4A58-83D8-3403FCDD34B9}.Debug|Any CPU.ActiveCfg = Debug|Any CPU
		{4AB0FBAC-4D46-4A58-83D8-3403FCDD34B9}.Debug|Any CPU.Build.0 = Debug|Any CPU
		{4AB0FBAC-4D46-4A58-83D8-3403FCDD34B9}.Release|Any CPU.ActiveCfg = Release|Any CPU
		{4AB0FBAC-4D46-4A58-83D8-3403FCDD34B9}.Release|Any CPU.Build.0 = Release|Any CPU
		{C618F965-27A1-4D32-A15E-A274824B3275}.Debug|Any CPU.ActiveCfg = Debug|Any CPU
		{C618F965-27A1-4D32-A15E-A274824B3275}.Debug|Any CPU.Build.0 = Debug|Any CPU
		{C618F965-27A1-4D32-A15E-A274824B3275}.Release|Any CPU.ActiveCfg = Release|Any CPU
		{C618F965-27A1-4D32-A15E-A274824B3275}.Release|Any CPU.Build.0 = Release|Any CPU
		{6A9153ED-0D86-4F4F-864C-80161C56AD30}.Debug|Any CPU.ActiveCfg = Debug|Any CPU
		{6A9153ED-0D86-4F4F-864C-80161C56AD30}.Debug|Any CPU.Build.0 = Debug|Any CPU
		{6A9153ED-0D86-4F4F-864C-80161C56AD30}.Release|Any CPU.ActiveCfg = Release|Any CPU
		{6A9153ED-0D86-4F4F-864C-80161C56AD30}.Release|Any CPU.Build.0 = Release|Any CPU
		{438301D8-7241-48CB-8AA9-742B9A7FA13B}.Debug|Any CPU.ActiveCfg = Debug|Any CPU
		{438301D8-7241-48CB-8AA9-742B9A7FA13B}.Debug|Any CPU.Build.0 = Debug|Any CPU
		{438301D8-7241-48CB-8AA9-742B9A7FA13B}.Release|Any CPU.ActiveCfg = Release|Any CPU
		{438301D8-7241-48CB-8AA9-742B9A7FA13B}.Release|Any CPU.Build.0 = Release|Any CPU
		{9AB5B286-5D61-46CF-9004-A6C6AD70AEE8}.Debug|Any CPU.ActiveCfg = Debug|Any CPU
		{9AB5B286-5D61-46CF-9004-A6C6AD70AEE8}.Debug|Any CPU.Build.0 = Debug|Any CPU
		{9AB5B286-5D61-46CF-9004-A6C6AD70AEE8}.Release|Any CPU.ActiveCfg = Release|Any CPU
		{9AB5B286-5D61-46CF-9004-A6C6AD70AEE8}.Release|Any CPU.Build.0 = Release|Any CPU
		{B956F2DD-E83E-4EE3-9F35-AB608216E97A}.Debug|Any CPU.ActiveCfg = Debug|Any CPU
		{B956F2DD-E83E-4EE3-9F35-AB608216E97A}.Debug|Any CPU.Build.0 = Debug|Any CPU
		{B956F2DD-E83E-4EE3-9F35-AB608216E97A}.Release|Any CPU.ActiveCfg = Release|Any CPU
		{B956F2DD-E83E-4EE3-9F35-AB608216E97A}.Release|Any CPU.Build.0 = Release|Any CPU
		{21F5D112-7BA0-4B85-AD45-FF1FE9F58B58}.Debug|Any CPU.ActiveCfg = Debug|Any CPU
		{21F5D112-7BA0-4B85-AD45-FF1FE9F58B58}.Debug|Any CPU.Build.0 = Debug|Any CPU
		{21F5D112-7BA0-4B85-AD45-FF1FE9F58B58}.Release|Any CPU.ActiveCfg = Release|Any CPU
		{21F5D112-7BA0-4B85-AD45-FF1FE9F58B58}.Release|Any CPU.Build.0 = Release|Any CPU
		{C929859B-A043-4E94-8D22-3A0FE2C598DE}.Debug|Any CPU.ActiveCfg = Debug|Any CPU
		{C929859B-A043-4E94-8D22-3A0FE2C598DE}.Debug|Any CPU.Build.0 = Debug|Any CPU
		{C929859B-A043-4E94-8D22-3A0FE2C598DE}.Release|Any CPU.ActiveCfg = Release|Any CPU
		{C929859B-A043-4E94-8D22-3A0FE2C598DE}.Release|Any CPU.Build.0 = Release|Any CPU
		{CC93D711-524C-49AC-9826-3A6D520C44C3}.Debug|Any CPU.ActiveCfg = Debug|Any CPU
		{CC93D711-524C-49AC-9826-3A6D520C44C3}.Debug|Any CPU.Build.0 = Debug|Any CPU
		{CC93D711-524C-49AC-9826-3A6D520C44C3}.Release|Any CPU.ActiveCfg = Release|Any CPU
		{CC93D711-524C-49AC-9826-3A6D520C44C3}.Release|Any CPU.Build.0 = Release|Any CPU
		{705AE531-1059-43DF-BA70-777970C4D448}.Debug|Any CPU.ActiveCfg = Debug|Any CPU
		{705AE531-1059-43DF-BA70-777970C4D448}.Debug|Any CPU.Build.0 = Debug|Any CPU
		{705AE531-1059-43DF-BA70-777970C4D448}.Release|Any CPU.ActiveCfg = Release|Any CPU
		{705AE531-1059-43DF-BA70-777970C4D448}.Release|Any CPU.Build.0 = Release|Any CPU
		{EEE9ECC0-47BF-4416-B4BA-0BAC79B53578}.Debug|Any CPU.ActiveCfg = Debug|Any CPU
		{EEE9ECC0-47BF-4416-B4BA-0BAC79B53578}.Debug|Any CPU.Build.0 = Debug|Any CPU
		{EEE9ECC0-47BF-4416-B4BA-0BAC79B53578}.Release|Any CPU.ActiveCfg = Release|Any CPU
		{EEE9ECC0-47BF-4416-B4BA-0BAC79B53578}.Release|Any CPU.Build.0 = Release|Any CPU
		{12605C1E-74CC-496A-AA01-CCC1538BE074}.Debug|Any CPU.ActiveCfg = Debug|Any CPU
		{12605C1E-74CC-496A-AA01-CCC1538BE074}.Debug|Any CPU.Build.0 = Debug|Any CPU
		{12605C1E-74CC-496A-AA01-CCC1538BE074}.Release|Any CPU.ActiveCfg = Release|Any CPU
		{12605C1E-74CC-496A-AA01-CCC1538BE074}.Release|Any CPU.Build.0 = Release|Any CPU
		{4FF604BB-2099-4F93-9865-E0C2EC66EC54}.Debug|Any CPU.ActiveCfg = Debug|Any CPU
		{4FF604BB-2099-4F93-9865-E0C2EC66EC54}.Debug|Any CPU.Build.0 = Debug|Any CPU
		{4FF604BB-2099-4F93-9865-E0C2EC66EC54}.Release|Any CPU.ActiveCfg = Release|Any CPU
		{4FF604BB-2099-4F93-9865-E0C2EC66EC54}.Release|Any CPU.Build.0 = Release|Any CPU
		{0F059610-7E47-44EC-B512-5AE4CA4B9CBF}.Debug|Any CPU.ActiveCfg = Debug|Any CPU
		{0F059610-7E47-44EC-B512-5AE4CA4B9CBF}.Debug|Any CPU.Build.0 = Debug|Any CPU
		{0F059610-7E47-44EC-B512-5AE4CA4B9CBF}.Release|Any CPU.ActiveCfg = Release|Any CPU
		{0F059610-7E47-44EC-B512-5AE4CA4B9CBF}.Release|Any CPU.Build.0 = Release|Any CPU
		{7E3E02D9-A178-45FC-9DF1-B71B5A85F9E6}.Debug|Any CPU.ActiveCfg = Debug|Any CPU
		{7E3E02D9-A178-45FC-9DF1-B71B5A85F9E6}.Debug|Any CPU.Build.0 = Debug|Any CPU
		{7E3E02D9-A178-45FC-9DF1-B71B5A85F9E6}.Release|Any CPU.ActiveCfg = Release|Any CPU
		{7E3E02D9-A178-45FC-9DF1-B71B5A85F9E6}.Release|Any CPU.Build.0 = Release|Any CPU
		{0DC8B52C-2373-41EF-B612-6CE6C8C9CAB5}.Debug|Any CPU.ActiveCfg = Debug|Any CPU
		{0DC8B52C-2373-41EF-B612-6CE6C8C9CAB5}.Debug|Any CPU.Build.0 = Debug|Any CPU
		{0DC8B52C-2373-41EF-B612-6CE6C8C9CAB5}.Release|Any CPU.ActiveCfg = Release|Any CPU
		{0DC8B52C-2373-41EF-B612-6CE6C8C9CAB5}.Release|Any CPU.Build.0 = Release|Any CPU
		{2FA8ED4C-F1D1-4328-9B4E-36D7FC327957}.Debug|Any CPU.ActiveCfg = Debug|Any CPU
		{2FA8ED4C-F1D1-4328-9B4E-36D7FC327957}.Debug|Any CPU.Build.0 = Debug|Any CPU
		{2FA8ED4C-F1D1-4328-9B4E-36D7FC327957}.Release|Any CPU.ActiveCfg = Release|Any CPU
		{2FA8ED4C-F1D1-4328-9B4E-36D7FC327957}.Release|Any CPU.Build.0 = Release|Any CPU
		{F5443DB8-F955-4304-8CB8-A84ED588849A}.Debug|Any CPU.ActiveCfg = Debug|Any CPU
		{F5443DB8-F955-4304-8CB8-A84ED588849A}.Debug|Any CPU.Build.0 = Debug|Any CPU
		{F5443DB8-F955-4304-8CB8-A84ED588849A}.Release|Any CPU.ActiveCfg = Release|Any CPU
		{F5443DB8-F955-4304-8CB8-A84ED588849A}.Release|Any CPU.Build.0 = Release|Any CPU
		{EB6A637A-C45C-4AC3-9709-2F3BD7C4D4DC}.Debug|Any CPU.ActiveCfg = Debug|Any CPU
		{EB6A637A-C45C-4AC3-9709-2F3BD7C4D4DC}.Debug|Any CPU.Build.0 = Debug|Any CPU
		{EB6A637A-C45C-4AC3-9709-2F3BD7C4D4DC}.Release|Any CPU.ActiveCfg = Release|Any CPU
		{EB6A637A-C45C-4AC3-9709-2F3BD7C4D4DC}.Release|Any CPU.Build.0 = Release|Any CPU
		{726B788F-268F-40E3-8AB1-443467FB1E27}.Debug|Any CPU.ActiveCfg = Debug|Any CPU
		{726B788F-268F-40E3-8AB1-443467FB1E27}.Debug|Any CPU.Build.0 = Debug|Any CPU
		{726B788F-268F-40E3-8AB1-443467FB1E27}.Release|Any CPU.ActiveCfg = Release|Any CPU
		{726B788F-268F-40E3-8AB1-443467FB1E27}.Release|Any CPU.Build.0 = Release|Any CPU
		{9F1F7159-8222-4DF9-B2CD-DEBF5462F713}.Debug|Any CPU.ActiveCfg = Debug|Any CPU
		{9F1F7159-8222-4DF9-B2CD-DEBF5462F713}.Debug|Any CPU.Build.0 = Debug|Any CPU
		{9F1F7159-8222-4DF9-B2CD-DEBF5462F713}.Release|Any CPU.ActiveCfg = Release|Any CPU
		{9F1F7159-8222-4DF9-B2CD-DEBF5462F713}.Release|Any CPU.Build.0 = Release|Any CPU
		{128F9ADF-08F3-4F0F-9FE5-DA123A55485E}.Debug|Any CPU.ActiveCfg = Debug|Any CPU
		{128F9ADF-08F3-4F0F-9FE5-DA123A55485E}.Debug|Any CPU.Build.0 = Debug|Any CPU
		{128F9ADF-08F3-4F0F-9FE5-DA123A55485E}.Release|Any CPU.ActiveCfg = Release|Any CPU
		{128F9ADF-08F3-4F0F-9FE5-DA123A55485E}.Release|Any CPU.Build.0 = Release|Any CPU
		{FD92915D-7ABD-4A59-B571-5C4252549CAD}.Debug|Any CPU.ActiveCfg = Debug|Any CPU
		{FD92915D-7ABD-4A59-B571-5C4252549CAD}.Debug|Any CPU.Build.0 = Debug|Any CPU
		{FD92915D-7ABD-4A59-B571-5C4252549CAD}.Release|Any CPU.ActiveCfg = Release|Any CPU
		{FD92915D-7ABD-4A59-B571-5C4252549CAD}.Release|Any CPU.Build.0 = Release|Any CPU
		{2B746D09-51CA-4744-938E-45539AD73735}.Debug|Any CPU.ActiveCfg = Debug|Any CPU
		{2B746D09-51CA-4744-938E-45539AD73735}.Debug|Any CPU.Build.0 = Debug|Any CPU
		{2B746D09-51CA-4744-938E-45539AD73735}.Release|Any CPU.ActiveCfg = Release|Any CPU
		{2B746D09-51CA-4744-938E-45539AD73735}.Release|Any CPU.Build.0 = Release|Any CPU
		{BC064871-FDB8-49A1-A557-4C1792975EBB}.Debug|Any CPU.ActiveCfg = Debug|Any CPU
		{BC064871-FDB8-49A1-A557-4C1792975EBB}.Debug|Any CPU.Build.0 = Debug|Any CPU
		{BC064871-FDB8-49A1-A557-4C1792975EBB}.Release|Any CPU.ActiveCfg = Release|Any CPU
		{BC064871-FDB8-49A1-A557-4C1792975EBB}.Release|Any CPU.Build.0 = Release|Any CPU
		{F22936A2-EBC2-411F-9C39-179A2F975030}.Debug|Any CPU.ActiveCfg = Debug|Any CPU
		{F22936A2-EBC2-411F-9C39-179A2F975030}.Debug|Any CPU.Build.0 = Debug|Any CPU
		{F22936A2-EBC2-411F-9C39-179A2F975030}.Release|Any CPU.ActiveCfg = Release|Any CPU
		{F22936A2-EBC2-411F-9C39-179A2F975030}.Release|Any CPU.Build.0 = Release|Any CPU
		{FF6BF617-B350-4CF8-8139-FF198CDB90E1}.Debug|Any CPU.ActiveCfg = Debug|Any CPU
		{FF6BF617-B350-4CF8-8139-FF198CDB90E1}.Debug|Any CPU.Build.0 = Debug|Any CPU
		{FF6BF617-B350-4CF8-8139-FF198CDB90E1}.Release|Any CPU.ActiveCfg = Release|Any CPU
		{FF6BF617-B350-4CF8-8139-FF198CDB90E1}.Release|Any CPU.Build.0 = Release|Any CPU
		{132DF822-E548-4F5E-8C4F-92B068595DDD}.Debug|Any CPU.ActiveCfg = Debug|Any CPU
		{132DF822-E548-4F5E-8C4F-92B068595DDD}.Debug|Any CPU.Build.0 = Debug|Any CPU
		{132DF822-E548-4F5E-8C4F-92B068595DDD}.Release|Any CPU.ActiveCfg = Release|Any CPU
		{132DF822-E548-4F5E-8C4F-92B068595DDD}.Release|Any CPU.Build.0 = Release|Any CPU
		{0ECB02B6-64CF-4202-A902-BC0C3F67149B}.Debug|Any CPU.ActiveCfg = Debug|Any CPU
		{0ECB02B6-64CF-4202-A902-BC0C3F67149B}.Debug|Any CPU.Build.0 = Debug|Any CPU
		{0ECB02B6-64CF-4202-A902-BC0C3F67149B}.Release|Any CPU.ActiveCfg = Release|Any CPU
		{0ECB02B6-64CF-4202-A902-BC0C3F67149B}.Release|Any CPU.Build.0 = Release|Any CPU
		{CF6D424E-342C-4F9E-9C19-7F6A04E74285}.Debug|Any CPU.ActiveCfg = Debug|Any CPU
		{CF6D424E-342C-4F9E-9C19-7F6A04E74285}.Debug|Any CPU.Build.0 = Debug|Any CPU
		{CF6D424E-342C-4F9E-9C19-7F6A04E74285}.Release|Any CPU.ActiveCfg = Release|Any CPU
		{CF6D424E-342C-4F9E-9C19-7F6A04E74285}.Release|Any CPU.Build.0 = Release|Any CPU
		{2CA67207-7C03-44F8-944E-55596854D10E}.Debug|Any CPU.ActiveCfg = Debug|Any CPU
		{2CA67207-7C03-44F8-944E-55596854D10E}.Debug|Any CPU.Build.0 = Debug|Any CPU
		{2CA67207-7C03-44F8-944E-55596854D10E}.Release|Any CPU.ActiveCfg = Release|Any CPU
		{2CA67207-7C03-44F8-944E-55596854D10E}.Release|Any CPU.Build.0 = Release|Any CPU
		{0B0304B8-D917-4475-8172-BE76806E3151}.Debug|Any CPU.ActiveCfg = Debug|Any CPU
		{0B0304B8-D917-4475-8172-BE76806E3151}.Debug|Any CPU.Build.0 = Debug|Any CPU
		{0B0304B8-D917-4475-8172-BE76806E3151}.Release|Any CPU.ActiveCfg = Release|Any CPU
		{0B0304B8-D917-4475-8172-BE76806E3151}.Release|Any CPU.Build.0 = Release|Any CPU
		{769FC7D2-00C8-451A-98C7-F9C986801C09}.Debug|Any CPU.ActiveCfg = Debug|Any CPU
		{769FC7D2-00C8-451A-98C7-F9C986801C09}.Debug|Any CPU.Build.0 = Debug|Any CPU
		{769FC7D2-00C8-451A-98C7-F9C986801C09}.Release|Any CPU.ActiveCfg = Release|Any CPU
		{769FC7D2-00C8-451A-98C7-F9C986801C09}.Release|Any CPU.Build.0 = Release|Any CPU
		{F4BAD10C-BC7F-4F06-9A32-D73CE630D63F}.Debug|Any CPU.ActiveCfg = Debug|Any CPU
		{F4BAD10C-BC7F-4F06-9A32-D73CE630D63F}.Debug|Any CPU.Build.0 = Debug|Any CPU
		{F4BAD10C-BC7F-4F06-9A32-D73CE630D63F}.Release|Any CPU.ActiveCfg = Release|Any CPU
		{F4BAD10C-BC7F-4F06-9A32-D73CE630D63F}.Release|Any CPU.Build.0 = Release|Any CPU
		{896F8F69-D8E5-4A73-A221-8F758E4856C8}.Debug|Any CPU.ActiveCfg = Debug|Any CPU
		{896F8F69-D8E5-4A73-A221-8F758E4856C8}.Debug|Any CPU.Build.0 = Debug|Any CPU
		{896F8F69-D8E5-4A73-A221-8F758E4856C8}.Release|Any CPU.ActiveCfg = Release|Any CPU
		{896F8F69-D8E5-4A73-A221-8F758E4856C8}.Release|Any CPU.Build.0 = Release|Any CPU
		{170A729F-A77E-4070-92F7-5327B0B51219}.Debug|Any CPU.ActiveCfg = Debug|Any CPU
		{170A729F-A77E-4070-92F7-5327B0B51219}.Debug|Any CPU.Build.0 = Debug|Any CPU
		{170A729F-A77E-4070-92F7-5327B0B51219}.Release|Any CPU.ActiveCfg = Release|Any CPU
		{170A729F-A77E-4070-92F7-5327B0B51219}.Release|Any CPU.Build.0 = Release|Any CPU
	EndGlobalSection
	GlobalSection(SolutionProperties) = preSolution
		HideSolutionNode = FALSE
	EndGlobalSection
	GlobalSection(ExtensibilityGlobals) = postSolution
		SolutionGuid = {70CC16DD-ACFC-4E3A-83ED-68E5D18A5BE3}
	EndGlobalSection
EndGlobal
