
Microsoft Visual Studio Solution File, Format Version 12.00
# Visual Studio Version 17
VisualStudioVersion = 17.5.002.0
MinimumVisualStudioVersion = 10.0.40219.1
Project("{9A19103F-16F7-4668-BE54-9A1E7A4F7556}") = "Assignment 1", "Assignment 1\Assignment 1.csproj", "{808D4739-FBD5-4D71-98F1-982416606BE4}"
EndProject
Project("{FAE04EC0-301F-11D3-BF4B-00C04F79EFBC}") = "Assignment 2", "Assignment 2\Assignment 2.csproj", "{F5B5B71C-252C-4D12-95B8-E381BEB1F61F}"
EndProject
Project("{FAE04EC0-301F-11D3-BF4B-00C04F79EFBC}") = "Assignment 3", "Assignment 3\Assignment 3.csproj", "{F964EB3E-5D51-4C00-A655-BE0EB0A032FB}"
EndProject
Project("{FAE04EC0-301F-11D3-BF4B-00C04F79EFBC}") = "Assignment 4", "Assignment 4\Assignment 4.csproj", "{7D1BB46D-F6D7-41A0-8A7F-3513836B206B}"
EndProject
Project("{FAE04EC0-301F-11D3-BF4B-00C04F79EFBC}") = "Assignment 5", "Assignment 5\Assignment 5.csproj", "{4BFAC25C-A543-4FE0-98E9-10A84DC51088}"
EndProject
Project("{FAE04EC0-301F-11D3-BF4B-00C04F79EFBC}") = "Assignment 6", "Assignment 6\Assignment 6.csproj", "{C3186C1D-7AB2-4076-9389-E5863B3CC5E9}"
EndProject
Project("{FAE04EC0-301F-11D3-BF4B-00C04F79EFBC}") = "Assignment 7", "Assignment 7\Assignment 7.csproj", "{8C76B8E9-2993-485B-839C-DE5AA3886854}"
EndProject
Project("{FAE04EC0-301F-11D3-BF4B-00C04F79EFBC}") = "Assignment 8", "Assignment 8\Assignment 8.csproj", "{1670FBB0-2558-41A3-A029-01F2390F4B99}"
EndProject
Project("{FAE04EC0-301F-11D3-BF4B-00C04F79EFBC}") = "Assignment 9", "Assignment 9\Assignment 9.csproj", "{E33CE766-B0B6-4B14-A2C8-049753F01C2D}"
EndProject
Project("{FAE04EC0-301F-11D3-BF4B-00C04F79EFBC}") = "Assignment 10", "Assignment 10\Assignment 10.csproj", "{1523CC9F-CE2F-4880-9043-AF2600DBD3BE}"
EndProject
Project("{FAE04EC0-301F-11D3-BF4B-00C04F79EFBC}") = "Assignment 11", "Assignment 11\Assignment 11.csproj", "{BD3DD834-F47E-4A7E-B41E-C6746A33801B}"
EndProject
Project("{FAE04EC0-301F-11D3-BF4B-00C04F79EFBC}") = "Assignment 12", "Assignment 12\Assignment 12.csproj", "{8CA2FE09-C8CC-4009-8069-47EEA09F2654}"
EndProject
Project("{FAE04EC0-301F-11D3-BF4B-00C04F79EFBC}") = "Assignment 13", "Assignment 13\Assignment 13.csproj", "{56456854-29B4-4081-8CF0-21EDB0C70430}"
EndProject
Project("{FAE04EC0-301F-11D3-BF4B-00C04F79EFBC}") = "Assignment 14", "Assignment 14\Assignment 14.csproj", "{618E2F2B-632D-43CF-9FD4-CF766996D1CE}"
EndProject
Project("{FAE04EC0-301F-11D3-BF4B-00C04F79EFBC}") = "Assignment 15", "Assignment 15\Assignment 15.csproj", "{09C2EECF-F743-4BE2-941F-FC8BD6E54C9D}"
EndProject
Project("{FAE04EC0-301F-11D3-BF4B-00C04F79EFBC}") = "Assignment 16", "Assignment 16\Assignment 16.csproj", "{97D1F181-83E2-4B8A-A6D3-A8CFA1941B4B}"
EndProject
Project("{FAE04EC0-301F-11D3-BF4B-00C04F79EFBC}") = "Assignment 17", "Assignment 17\Assignment 17.csproj", "{85771A74-F558-45FF-A49A-971A8F471AA6}"
EndProject
Project("{FAE04EC0-301F-11D3-BF4B-00C04F79EFBC}") = "Assignment 18", "Assignment 18\Assignment 18.csproj", "{C6DCF13F-A48D-45C2-BD70-B6F3CAFE8B0A}"
EndProject
Project("{FAE04EC0-301F-11D3-BF4B-00C04F79EFBC}") = "Assignment 19", "Assignment 19\Assignment 19.csproj", "{FF97FEFF-E5DB-4209-BAEF-285DD9EDAD34}"
EndProject
Project("{FAE04EC0-301F-11D3-BF4B-00C04F79EFBC}") = "Assignment 20", "Assignment 20\Assignment 20.csproj", "{6F50250B-AA6E-428D-B441-2EA0FEF6A244}"
EndProject
Project("{FAE04EC0-301F-11D3-BF4B-00C04F79EFBC}") = "Assignment 21", "Assignment 21\Assignment 21.csproj", "{0912E1FE-5D9C-43AF-B365-62191149A51C}"
EndProject
Project("{FAE04EC0-301F-11D3-BF4B-00C04F79EFBC}") = "Assignment 22", "Assignment 22\Assignment 22.csproj", "{BBC36C17-895E-48F1-9EDF-3D88141F76AB}"
EndProject
Project("{FAE04EC0-301F-11D3-BF4B-00C04F79EFBC}") = "Assignment 23", "Assignment 23\Assignment 23.csproj", "{A2F74218-5990-4E84-BE7E-9D0A50B18F75}"
EndProject
Project("{FAE04EC0-301F-11D3-BF4B-00C04F79EFBC}") = "Assignment 24", "Assignment 24\Assignment 24.csproj", "{24E54E4E-DA87-42C6-ACAF-6779190C9388}"
EndProject
Project("{FAE04EC0-301F-11D3-BF4B-00C04F79EFBC}") = "Assignment 25", "Assignment 25\Assignment 25.csproj", "{F46B792C-3B6C-472E-9B85-0F02E98911B0}"
EndProject
Project("{FAE04EC0-301F-11D3-BF4B-00C04F79EFBC}") = "Assignment 26", "Assignment 26\Assignment 26.csproj", "{45B23D19-2DB4-40AE-9855-C0E9DFA1854D}"
EndProject
Project("{FAE04EC0-301F-11D3-BF4B-00C04F79EFBC}") = "Assignment 27", "Assignment 27\Assignment 27.csproj", "{3648BDD4-ECD8-42FD-9BB7-56F651DEC65C}"
EndProject
Project("{FAE04EC0-301F-11D3-BF4B-00C04F79EFBC}") = "Assignment 28", "Assignment 28\Assignment 28.csproj", "{657AB8DE-C151-4D9E-ACA7-9D365CEE8A1A}"
EndProject
Project("{FAE04EC0-301F-11D3-BF4B-00C04F79EFBC}") = "Assignment 29", "Assignment 29\Assignment 29.csproj", "{7B4C9DB8-B135-4F2C-8395-69E6AE0E1955}"
EndProject
Project("{FAE04EC0-301F-11D3-BF4B-00C04F79EFBC}") = "Assignment 30", "Assignment 30\Assignment 30.csproj", "{D575442E-1B7C-446F-B271-4126F200F590}"
EndProject
Project("{FAE04EC0-301F-11D3-BF4B-00C04F79EFBC}") = "Assignment 31", "Assignment 31\Assignment 31.csproj", "{CC58B527-DEAC-40BA-A24E-20D6C27226A1}"
EndProject
Project("{FAE04EC0-301F-11D3-BF4B-00C04F79EFBC}") = "Assignment 32", "Assignment 32\Assignment 32.csproj", "{CFD5924B-A482-473A-8809-AA4A8FDEA4DC}"
EndProject
Project("{FAE04EC0-301F-11D3-BF4B-00C04F79EFBC}") = "Assignment 33", "Assignment 33\Assignment 33.csproj", "{0F45FFFE-BBE3-4FD0-9D75-B21B9C207C40}"
EndProject
Project("{FAE04EC0-301F-11D3-BF4B-00C04F79EFBC}") = "Assignment 34", "Assignment 34\Assignment 34.csproj", "{F1EB0213-DF3E-4FE1-BB98-0C8ED91F5425}"
EndProject
Project("{FAE04EC0-301F-11D3-BF4B-00C04F79EFBC}") = "Assignment 35", "Assignment 35\Assignment 35.csproj", "{3C650074-F100-4900-98E3-1DB8397171E3}"
EndProject
Project("{FAE04EC0-301F-11D3-BF4B-00C04F79EFBC}") = "Assignment 36", "Assignment 36\Assignment 36.csproj", "{6D891641-370D-4C82-B851-0008EEB544FE}"
EndProject
Project("{FAE04EC0-301F-11D3-BF4B-00C04F79EFBC}") = "Assignment 37", "Assignment 37\Assignment 37.csproj", "{A8415B0B-8394-4086-8A80-76A60F6FD2CF}"
EndProject
Project("{FAE04EC0-301F-11D3-BF4B-00C04F79EFBC}") = "Assignment 38", "Assignment 38\Assignment 38.csproj", "{3160DEF0-16CC-4083-9D5D-CDC3AC18814D}"
EndProject
Project("{FAE04EC0-301F-11D3-BF4B-00C04F79EFBC}") = "Assignment 39", "Assignment 39\Assignment 39.csproj", "{A9F876F5-1F11-4EC5-9753-EC2DD4699B5F}"
EndProject
Global
	GlobalSection(SolutionConfigurationPlatforms) = preSolution
		Debug|Any CPU = Debug|Any CPU
		Release|Any CPU = Release|Any CPU
	EndGlobalSection
	GlobalSection(ProjectConfigurationPlatforms) = postSolution
		{808D4739-FBD5-4D71-98F1-982416606BE4}.Debug|Any CPU.ActiveCfg = Debug|Any CPU
		{808D4739-FBD5-4D71-98F1-982416606BE4}.Debug|Any CPU.Build.0 = Debug|Any CPU
		{808D4739-FBD5-4D71-98F1-982416606BE4}.Release|Any CPU.ActiveCfg = Release|Any CPU
		{808D4739-FBD5-4D71-98F1-982416606BE4}.Release|Any CPU.Build.0 = Release|Any CPU
		{F5B5B71C-252C-4D12-95B8-E381BEB1F61F}.Debug|Any CPU.ActiveCfg = Debug|Any CPU
		{F5B5B71C-252C-4D12-95B8-E381BEB1F61F}.Debug|Any CPU.Build.0 = Debug|Any CPU
		{F5B5B71C-252C-4D12-95B8-E381BEB1F61F}.Release|Any CPU.ActiveCfg = Release|Any CPU
		{F5B5B71C-252C-4D12-95B8-E381BEB1F61F}.Release|Any CPU.Build.0 = Release|Any CPU
		{F964EB3E-5D51-4C00-A655-BE0EB0A032FB}.Debug|Any CPU.ActiveCfg = Debug|Any CPU
		{F964EB3E-5D51-4C00-A655-BE0EB0A032FB}.Debug|Any CPU.Build.0 = Debug|Any CPU
		{F964EB3E-5D51-4C00-A655-BE0EB0A032FB}.Release|Any CPU.ActiveCfg = Release|Any CPU
		{F964EB3E-5D51-4C00-A655-BE0EB0A032FB}.Release|Any CPU.Build.0 = Release|Any CPU
		{7D1BB46D-F6D7-41A0-8A7F-3513836B206B}.Debug|Any CPU.ActiveCfg = Debug|Any CPU
		{7D1BB46D-F6D7-41A0-8A7F-3513836B206B}.Debug|Any CPU.Build.0 = Debug|Any CPU
		{7D1BB46D-F6D7-41A0-8A7F-3513836B206B}.Release|Any CPU.ActiveCfg = Release|Any CPU
		{7D1BB46D-F6D7-41A0-8A7F-3513836B206B}.Release|Any CPU.Build.0 = Release|Any CPU
		{4BFAC25C-A543-4FE0-98E9-10A84DC51088}.Debug|Any CPU.ActiveCfg = Debug|Any CPU
		{4BFAC25C-A543-4FE0-98E9-10A84DC51088}.Debug|Any CPU.Build.0 = Debug|Any CPU
		{4BFAC25C-A543-4FE0-98E9-10A84DC51088}.Release|Any CPU.ActiveCfg = Release|Any CPU
		{4BFAC25C-A543-4FE0-98E9-10A84DC51088}.Release|Any CPU.Build.0 = Release|Any CPU
		{C3186C1D-7AB2-4076-9389-E5863B3CC5E9}.Debug|Any CPU.ActiveCfg = Debug|Any CPU
		{C3186C1D-7AB2-4076-9389-E5863B3CC5E9}.Debug|Any CPU.Build.0 = Debug|Any CPU
		{C3186C1D-7AB2-4076-9389-E5863B3CC5E9}.Release|Any CPU.ActiveCfg = Release|Any CPU
		{C3186C1D-7AB2-4076-9389-E5863B3CC5E9}.Release|Any CPU.Build.0 = Release|Any CPU
		{8C76B8E9-2993-485B-839C-DE5AA3886854}.Debug|Any CPU.ActiveCfg = Debug|Any CPU
		{8C76B8E9-2993-485B-839C-DE5AA3886854}.Debug|Any CPU.Build.0 = Debug|Any CPU
		{8C76B8E9-2993-485B-839C-DE5AA3886854}.Release|Any CPU.ActiveCfg = Release|Any CPU
		{8C76B8E9-2993-485B-839C-DE5AA3886854}.Release|Any CPU.Build.0 = Release|Any CPU
		{1670FBB0-2558-41A3-A029-01F2390F4B99}.Debug|Any CPU.ActiveCfg = Debug|Any CPU
		{1670FBB0-2558-41A3-A029-01F2390F4B99}.Debug|Any CPU.Build.0 = Debug|Any CPU
		{1670FBB0-2558-41A3-A029-01F2390F4B99}.Release|Any CPU.ActiveCfg = Release|Any CPU
		{1670FBB0-2558-41A3-A029-01F2390F4B99}.Release|Any CPU.Build.0 = Release|Any CPU
		{E33CE766-B0B6-4B14-A2C8-049753F01C2D}.Debug|Any CPU.ActiveCfg = Debug|Any CPU
		{E33CE766-B0B6-4B14-A2C8-049753F01C2D}.Debug|Any CPU.Build.0 = Debug|Any CPU
		{E33CE766-B0B6-4B14-A2C8-049753F01C2D}.Release|Any CPU.ActiveCfg = Release|Any CPU
		{E33CE766-B0B6-4B14-A2C8-049753F01C2D}.Release|Any CPU.Build.0 = Release|Any CPU
		{1523CC9F-CE2F-4880-9043-AF2600DBD3BE}.Debug|Any CPU.ActiveCfg = Debug|Any CPU
		{1523CC9F-CE2F-4880-9043-AF2600DBD3BE}.Debug|Any CPU.Build.0 = Debug|Any CPU
		{1523CC9F-CE2F-4880-9043-AF2600DBD3BE}.Release|Any CPU.ActiveCfg = Release|Any CPU
		{1523CC9F-CE2F-4880-9043-AF2600DBD3BE}.Release|Any CPU.Build.0 = Release|Any CPU
		{BD3DD834-F47E-4A7E-B41E-C6746A33801B}.Debug|Any CPU.ActiveCfg = Debug|Any CPU
		{BD3DD834-F47E-4A7E-B41E-C6746A33801B}.Debug|Any CPU.Build.0 = Debug|Any CPU
		{BD3DD834-F47E-4A7E-B41E-C6746A33801B}.Release|Any CPU.ActiveCfg = Release|Any CPU
		{BD3DD834-F47E-4A7E-B41E-C6746A33801B}.Release|Any CPU.Build.0 = Release|Any CPU
		{8CA2FE09-C8CC-4009-8069-47EEA09F2654}.Debug|Any CPU.ActiveCfg = Debug|Any CPU
		{8CA2FE09-C8CC-4009-8069-47EEA09F2654}.Debug|Any CPU.Build.0 = Debug|Any CPU
		{8CA2FE09-C8CC-4009-8069-47EEA09F2654}.Release|Any CPU.ActiveCfg = Release|Any CPU
		{8CA2FE09-C8CC-4009-8069-47EEA09F2654}.Release|Any CPU.Build.0 = Release|Any CPU
		{56456854-29B4-4081-8CF0-21EDB0C70430}.Debug|Any CPU.ActiveCfg = Debug|Any CPU
		{56456854-29B4-4081-8CF0-21EDB0C70430}.Debug|Any CPU.Build.0 = Debug|Any CPU
		{56456854-29B4-4081-8CF0-21EDB0C70430}.Release|Any CPU.ActiveCfg = Release|Any CPU
		{56456854-29B4-4081-8CF0-21EDB0C70430}.Release|Any CPU.Build.0 = Release|Any CPU
		{618E2F2B-632D-43CF-9FD4-CF766996D1CE}.Debug|Any CPU.ActiveCfg = Debug|Any CPU
		{618E2F2B-632D-43CF-9FD4-CF766996D1CE}.Debug|Any CPU.Build.0 = Debug|Any CPU
		{618E2F2B-632D-43CF-9FD4-CF766996D1CE}.Release|Any CPU.ActiveCfg = Release|Any CPU
		{618E2F2B-632D-43CF-9FD4-CF766996D1CE}.Release|Any CPU.Build.0 = Release|Any CPU
		{09C2EECF-F743-4BE2-941F-FC8BD6E54C9D}.Debug|Any CPU.ActiveCfg = Debug|Any CPU
		{09C2EECF-F743-4BE2-941F-FC8BD6E54C9D}.Debug|Any CPU.Build.0 = Debug|Any CPU
		{09C2EECF-F743-4BE2-941F-FC8BD6E54C9D}.Release|Any CPU.ActiveCfg = Release|Any CPU
		{09C2EECF-F743-4BE2-941F-FC8BD6E54C9D}.Release|Any CPU.Build.0 = Release|Any CPU
		{97D1F181-83E2-4B8A-A6D3-A8CFA1941B4B}.Debug|Any CPU.ActiveCfg = Debug|Any CPU
		{97D1F181-83E2-4B8A-A6D3-A8CFA1941B4B}.Debug|Any CPU.Build.0 = Debug|Any CPU
		{97D1F181-83E2-4B8A-A6D3-A8CFA1941B4B}.Release|Any CPU.ActiveCfg = Release|Any CPU
		{97D1F181-83E2-4B8A-A6D3-A8CFA1941B4B}.Release|Any CPU.Build.0 = Release|Any CPU
		{85771A74-F558-45FF-A49A-971A8F471AA6}.Debug|Any CPU.ActiveCfg = Debug|Any CPU
		{85771A74-F558-45FF-A49A-971A8F471AA6}.Debug|Any CPU.Build.0 = Debug|Any CPU
		{85771A74-F558-45FF-A49A-971A8F471AA6}.Release|Any CPU.ActiveCfg = Release|Any CPU
		{85771A74-F558-45FF-A49A-971A8F471AA6}.Release|Any CPU.Build.0 = Release|Any CPU
		{C6DCF13F-A48D-45C2-BD70-B6F3CAFE8B0A}.Debug|Any CPU.ActiveCfg = Debug|Any CPU
		{C6DCF13F-A48D-45C2-BD70-B6F3CAFE8B0A}.Debug|Any CPU.Build.0 = Debug|Any CPU
		{C6DCF13F-A48D-45C2-BD70-B6F3CAFE8B0A}.Release|Any CPU.ActiveCfg = Release|Any CPU
		{C6DCF13F-A48D-45C2-BD70-B6F3CAFE8B0A}.Release|Any CPU.Build.0 = Release|Any CPU
		{FF97FEFF-E5DB-4209-BAEF-285DD9EDAD34}.Debug|Any CPU.ActiveCfg = Debug|Any CPU
		{FF97FEFF-E5DB-4209-BAEF-285DD9EDAD34}.Debug|Any CPU.Build.0 = Debug|Any CPU
		{FF97FEFF-E5DB-4209-BAEF-285DD9EDAD34}.Release|Any CPU.ActiveCfg = Release|Any CPU
		{FF97FEFF-E5DB-4209-BAEF-285DD9EDAD34}.Release|Any CPU.Build.0 = Release|Any CPU
		{6F50250B-AA6E-428D-B441-2EA0FEF6A244}.Debug|Any CPU.ActiveCfg = Debug|Any CPU
		{6F50250B-AA6E-428D-B441-2EA0FEF6A244}.Debug|Any CPU.Build.0 = Debug|Any CPU
		{6F50250B-AA6E-428D-B441-2EA0FEF6A244}.Release|Any CPU.ActiveCfg = Release|Any CPU
		{6F50250B-AA6E-428D-B441-2EA0FEF6A244}.Release|Any CPU.Build.0 = Release|Any CPU
		{0912E1FE-5D9C-43AF-B365-62191149A51C}.Debug|Any CPU.ActiveCfg = Debug|Any CPU
		{0912E1FE-5D9C-43AF-B365-62191149A51C}.Debug|Any CPU.Build.0 = Debug|Any CPU
		{0912E1FE-5D9C-43AF-B365-62191149A51C}.Release|Any CPU.ActiveCfg = Release|Any CPU
		{0912E1FE-5D9C-43AF-B365-62191149A51C}.Release|Any CPU.Build.0 = Release|Any CPU
		{BBC36C17-895E-48F1-9EDF-3D88141F76AB}.Debug|Any CPU.ActiveCfg = Debug|Any CPU
		{BBC36C17-895E-48F1-9EDF-3D88141F76AB}.Debug|Any CPU.Build.0 = Debug|Any CPU
		{BBC36C17-895E-48F1-9EDF-3D88141F76AB}.Release|Any CPU.ActiveCfg = Release|Any CPU
		{BBC36C17-895E-48F1-9EDF-3D88141F76AB}.Release|Any CPU.Build.0 = Release|Any CPU
		{A2F74218-5990-4E84-BE7E-9D0A50B18F75}.Debug|Any CPU.ActiveCfg = Debug|Any CPU
		{A2F74218-5990-4E84-BE7E-9D0A50B18F75}.Debug|Any CPU.Build.0 = Debug|Any CPU
		{A2F74218-5990-4E84-BE7E-9D0A50B18F75}.Release|Any CPU.ActiveCfg = Release|Any CPU
		{A2F74218-5990-4E84-BE7E-9D0A50B18F75}.Release|Any CPU.Build.0 = Release|Any CPU
		{24E54E4E-DA87-42C6-ACAF-6779190C9388}.Debug|Any CPU.ActiveCfg = Debug|Any CPU
		{24E54E4E-DA87-42C6-ACAF-6779190C9388}.Debug|Any CPU.Build.0 = Debug|Any CPU
		{24E54E4E-DA87-42C6-ACAF-6779190C9388}.Release|Any CPU.ActiveCfg = Release|Any CPU
		{24E54E4E-DA87-42C6-ACAF-6779190C9388}.Release|Any CPU.Build.0 = Release|Any CPU
		{F46B792C-3B6C-472E-9B85-0F02E98911B0}.Debug|Any CPU.ActiveCfg = Debug|Any CPU
		{F46B792C-3B6C-472E-9B85-0F02E98911B0}.Debug|Any CPU.Build.0 = Debug|Any CPU
		{F46B792C-3B6C-472E-9B85-0F02E98911B0}.Release|Any CPU.ActiveCfg = Release|Any CPU
		{F46B792C-3B6C-472E-9B85-0F02E98911B0}.Release|Any CPU.Build.0 = Release|Any CPU
		{45B23D19-2DB4-40AE-9855-C0E9DFA1854D}.Debug|Any CPU.ActiveCfg = Debug|Any CPU
		{45B23D19-2DB4-40AE-9855-C0E9DFA1854D}.Debug|Any CPU.Build.0 = Debug|Any CPU
		{45B23D19-2DB4-40AE-9855-C0E9DFA1854D}.Release|Any CPU.ActiveCfg = Release|Any CPU
		{45B23D19-2DB4-40AE-9855-C0E9DFA1854D}.Release|Any CPU.Build.0 = Release|Any CPU
		{3648BDD4-ECD8-42FD-9BB7-56F651DEC65C}.Debug|Any CPU.ActiveCfg = Debug|Any CPU
		{3648BDD4-ECD8-42FD-9BB7-56F651DEC65C}.Debug|Any CPU.Build.0 = Debug|Any CPU
		{3648BDD4-ECD8-42FD-9BB7-56F651DEC65C}.Release|Any CPU.ActiveCfg = Release|Any CPU
		{3648BDD4-ECD8-42FD-9BB7-56F651DEC65C}.Release|Any CPU.Build.0 = Release|Any CPU
		{657AB8DE-C151-4D9E-ACA7-9D365CEE8A1A}.Debug|Any CPU.ActiveCfg = Debug|Any CPU
		{657AB8DE-C151-4D9E-ACA7-9D365CEE8A1A}.Debug|Any CPU.Build.0 = Debug|Any CPU
		{657AB8DE-C151-4D9E-ACA7-9D365CEE8A1A}.Release|Any CPU.ActiveCfg = Release|Any CPU
		{657AB8DE-C151-4D9E-ACA7-9D365CEE8A1A}.Release|Any CPU.Build.0 = Release|Any CPU
		{7B4C9DB8-B135-4F2C-8395-69E6AE0E1955}.Debug|Any CPU.ActiveCfg = Debug|Any CPU
		{7B4C9DB8-B135-4F2C-8395-69E6AE0E1955}.Debug|Any CPU.Build.0 = Debug|Any CPU
		{7B4C9DB8-B135-4F2C-8395-69E6AE0E1955}.Release|Any CPU.ActiveCfg = Release|Any CPU
		{7B4C9DB8-B135-4F2C-8395-69E6AE0E1955}.Release|Any CPU.Build.0 = Release|Any CPU
		{D575442E-1B7C-446F-B271-4126F200F590}.Debug|Any CPU.ActiveCfg = Debug|Any CPU
		{D575442E-1B7C-446F-B271-4126F200F590}.Debug|Any CPU.Build.0 = Debug|Any CPU
		{D575442E-1B7C-446F-B271-4126F200F590}.Release|Any CPU.ActiveCfg = Release|Any CPU
		{D575442E-1B7C-446F-B271-4126F200F590}.Release|Any CPU.Build.0 = Release|Any CPU
		{CC58B527-DEAC-40BA-A24E-20D6C27226A1}.Debug|Any CPU.ActiveCfg = Debug|Any CPU
		{CC58B527-DEAC-40BA-A24E-20D6C27226A1}.Debug|Any CPU.Build.0 = Debug|Any CPU
		{CC58B527-DEAC-40BA-A24E-20D6C27226A1}.Release|Any CPU.ActiveCfg = Release|Any CPU
		{CC58B527-DEAC-40BA-A24E-20D6C27226A1}.Release|Any CPU.Build.0 = Release|Any CPU
		{CFD5924B-A482-473A-8809-AA4A8FDEA4DC}.Debug|Any CPU.ActiveCfg = Debug|Any CPU
		{CFD5924B-A482-473A-8809-AA4A8FDEA4DC}.Debug|Any CPU.Build.0 = Debug|Any CPU
		{CFD5924B-A482-473A-8809-AA4A8FDEA4DC}.Release|Any CPU.ActiveCfg = Release|Any CPU
		{CFD5924B-A482-473A-8809-AA4A8FDEA4DC}.Release|Any CPU.Build.0 = Release|Any CPU
		{0F45FFFE-BBE3-4FD0-9D75-B21B9C207C40}.Debug|Any CPU.ActiveCfg = Debug|Any CPU
		{0F45FFFE-BBE3-4FD0-9D75-B21B9C207C40}.Debug|Any CPU.Build.0 = Debug|Any CPU
		{0F45FFFE-BBE3-4FD0-9D75-B21B9C207C40}.Release|Any CPU.ActiveCfg = Release|Any CPU
		{0F45FFFE-BBE3-4FD0-9D75-B21B9C207C40}.Release|Any CPU.Build.0 = Release|Any CPU
		{F1EB0213-DF3E-4FE1-BB98-0C8ED91F5425}.Debug|Any CPU.ActiveCfg = Debug|Any CPU
		{F1EB0213-DF3E-4FE1-BB98-0C8ED91F5425}.Debug|Any CPU.Build.0 = Debug|Any CPU
		{F1EB0213-DF3E-4FE1-BB98-0C8ED91F5425}.Release|Any CPU.ActiveCfg = Release|Any CPU
		{F1EB0213-DF3E-4FE1-BB98-0C8ED91F5425}.Release|Any CPU.Build.0 = Release|Any CPU
		{3C650074-F100-4900-98E3-1DB8397171E3}.Debug|Any CPU.ActiveCfg = Debug|Any CPU
		{3C650074-F100-4900-98E3-1DB8397171E3}.Debug|Any CPU.Build.0 = Debug|Any CPU
		{3C650074-F100-4900-98E3-1DB8397171E3}.Release|Any CPU.ActiveCfg = Release|Any CPU
		{3C650074-F100-4900-98E3-1DB8397171E3}.Release|Any CPU.Build.0 = Release|Any CPU
		{6D891641-370D-4C82-B851-0008EEB544FE}.Debug|Any CPU.ActiveCfg = Debug|Any CPU
		{6D891641-370D-4C82-B851-0008EEB544FE}.Debug|Any CPU.Build.0 = Debug|Any CPU
		{6D891641-370D-4C82-B851-0008EEB544FE}.Release|Any CPU.ActiveCfg = Release|Any CPU
		{6D891641-370D-4C82-B851-0008EEB544FE}.Release|Any CPU.Build.0 = Release|Any CPU
		{A8415B0B-8394-4086-8A80-76A60F6FD2CF}.Debug|Any CPU.ActiveCfg = Debug|Any CPU
		{A8415B0B-8394-4086-8A80-76A60F6FD2CF}.Debug|Any CPU.Build.0 = Debug|Any CPU
		{A8415B0B-8394-4086-8A80-76A60F6FD2CF}.Release|Any CPU.ActiveCfg = Release|Any CPU
		{A8415B0B-8394-4086-8A80-76A60F6FD2CF}.Release|Any CPU.Build.0 = Release|Any CPU
		{3160DEF0-16CC-4083-9D5D-CDC3AC18814D}.Debug|Any CPU.ActiveCfg = Debug|Any CPU
		{3160DEF0-16CC-4083-9D5D-CDC3AC18814D}.Debug|Any CPU.Build.0 = Debug|Any CPU
		{3160DEF0-16CC-4083-9D5D-CDC3AC18814D}.Release|Any CPU.ActiveCfg = Release|Any CPU
		{3160DEF0-16CC-4083-9D5D-CDC3AC18814D}.Release|Any CPU.Build.0 = Release|Any CPU
		{A9F876F5-1F11-4EC5-9753-EC2DD4699B5F}.Debug|Any CPU.ActiveCfg = Debug|Any CPU
		{A9F876F5-1F11-4EC5-9753-EC2DD4699B5F}.Debug|Any CPU.Build.0 = Debug|Any CPU
		{A9F876F5-1F11-4EC5-9753-EC2DD4699B5F}.Release|Any CPU.ActiveCfg = Release|Any CPU
		{A9F876F5-1F11-4EC5-9753-EC2DD4699B5F}.Release|Any CPU.Build.0 = Release|Any CPU
	EndGlobalSection
	GlobalSection(SolutionProperties) = preSolution
		HideSolutionNode = FALSE
	EndGlobalSection
	GlobalSection(ExtensibilityGlobals) = postSolution
		SolutionGuid = {A020AFE9-4E5D-46BD-8757-650113803520}
	EndGlobalSection
EndGlobal
