
Microsoft Visual Studio Solution File, Format Version 12.00
# Visual Studio Version 17
VisualStudioVersion = 17.5.002.0
MinimumVisualStudioVersion = 10.0.40219.1
Project("{9A19103F-16F7-4668-BE54-9A1E7A4F7556}") = "Assignment 1", "Assignment 1\Assignment 1.csproj", "{760DF598-38ED-4F77-91B2-87DAF863E513}"
EndProject
Project("{FAE04EC0-301F-11D3-BF4B-00C04F79EFBC}") = "Assignment 2", "Assignment 2\Assignment 2.csproj", "{D7D3DAC6-D803-4CE2-A46C-443052A31037}"
EndProject
Project("{FAE04EC0-301F-11D3-BF4B-00C04F79EFBC}") = "Assignment 3", "Assignment 3\Assignment 3.csproj", "{BD54B623-EDA7-4EDE-9306-13BF9712BFF7}"
EndProject
Project("{FAE04EC0-301F-11D3-BF4B-00C04F79EFBC}") = "Assignment 4", "Assignment 4\Assignment 4.csproj", "{7AE8FE78-288A-436B-9FB7-ADABEF7B3AF0}"
EndProject
Project("{FAE04EC0-301F-11D3-BF4B-00C04F79EFBC}") = "Assignment 5", "Assignment 5\Assignment 5.csproj", "{C9F1138A-4500-45B5-B707-5C9DAC4423CC}"
EndProject
Project("{FAE04EC0-301F-11D3-BF4B-00C04F79EFBC}") = "Assignment 6", "Assignment 6\Assignment 6.csproj", "{2FFEED00-E13F-4D4F-93EA-7FE710F632BA}"
EndProject
Project("{FAE04EC0-301F-11D3-BF4B-00C04F79EFBC}") = "Assignment 7", "Assignment 7\Assignment 7.csproj", "{55EFB880-538F-4850-9913-F9E3EDF13610}"
EndProject
Project("{FAE04EC0-301F-11D3-BF4B-00C04F79EFBC}") = "Assignment 8", "Assignment 8\Assignment 8.csproj", "{9302E8B5-2D58-4848-83EF-72798768F9BF}"
EndProject
Project("{FAE04EC0-301F-11D3-BF4B-00C04F79EFBC}") = "Assignment 9", "Assignment 9\Assignment 9.csproj", "{33FD454E-41B8-4199-97C7-66D635FDFE4F}"
EndProject
Project("{FAE04EC0-301F-11D3-BF4B-00C04F79EFBC}") = "Assignment 10", "Assignment 10\Assignment 10.csproj", "{9725F671-0F6C-4F67-84B7-7029FCDA222F}"
EndProject
Project("{FAE04EC0-301F-11D3-BF4B-00C04F79EFBC}") = "Assignment 11", "Assignment 11\Assignment 11.csproj", "{0C12ABED-5B47-4027-AFD8-D2752E3880D2}"
EndProject
Project("{FAE04EC0-301F-11D3-BF4B-00C04F79EFBC}") = "Assignment 12", "Assignment 12\Assignment 12.csproj", "{43315900-1029-4304-9596-9BDB06E29F0D}"
EndProject
Project("{FAE04EC0-301F-11D3-BF4B-00C04F79EFBC}") = "Assignment 13", "Assignment 13\Assignment 13.csproj", "{A13572EF-D6A4-4B9D-8F57-A244A154DE99}"
EndProject
Project("{FAE04EC0-301F-11D3-BF4B-00C04F79EFBC}") = "Assignment 14", "Assignment 14\Assignment 14.csproj", "{5E6456FB-CB5B-428C-AFB2-06C51148B333}"
EndProject
Project("{FAE04EC0-301F-11D3-BF4B-00C04F79EFBC}") = "Assignment 15", "Assignment 15\Assignment 15.csproj", "{9903BEE7-1972-4249-B61B-6D771681EBC0}"
EndProject
Project("{FAE04EC0-301F-11D3-BF4B-00C04F79EFBC}") = "Assignment 16", "Assignment 16\Assignment 16.csproj", "{424D2F76-9E37-4591-836A-56665F397F3B}"
EndProject
Project("{FAE04EC0-301F-11D3-BF4B-00C04F79EFBC}") = "Assignment 17", "Assignment 17\Assignment 17.csproj", "{02B24F2D-1C2A-451E-9584-A6F6D6F0F4AA}"
EndProject
Project("{FAE04EC0-301F-11D3-BF4B-00C04F79EFBC}") = "Assignment 18", "Assignment 18\Assignment 18.csproj", "{8B3317B0-B68E-48A3-B7FB-9856BF2D8303}"
EndProject
Project("{FAE04EC0-301F-11D3-BF4B-00C04F79EFBC}") = "Assignment 19", "Assignment 19\Assignment 19.csproj", "{7494DE2D-226B-44EB-BF9D-4CE3404F3EAE}"
EndProject
Project("{FAE04EC0-301F-11D3-BF4B-00C04F79EFBC}") = "Assignment 20", "Assignment 20\Assignment 20.csproj", "{FBBE5664-02DC-446E-A4D0-C9BB65CCF98B}"
EndProject
Project("{FAE04EC0-301F-11D3-BF4B-00C04F79EFBC}") = "Assignment 21", "Assignment 21\Assignment 21.csproj", "{3C2390F1-ACB7-4DBE-99E7-E788F6256B86}"
EndProject
Project("{FAE04EC0-301F-11D3-BF4B-00C04F79EFBC}") = "Assignment 22", "Assignment 22\Assignment 22.csproj", "{C5590EFC-EB06-44F9-8F77-702BB40B4A6E}"
EndProject
Project("{FAE04EC0-301F-11D3-BF4B-00C04F79EFBC}") = "Assignment 23", "Assignment 23\Assignment 23.csproj", "{6764E0FD-871B-4978-8898-6758ADD9D037}"
EndProject
Project("{FAE04EC0-301F-11D3-BF4B-00C04F79EFBC}") = "Assignment 24", "Assignment 24\Assignment 24.csproj", "{9586E32E-629D-4907-A30D-84F603FAC781}"
EndProject
Project("{FAE04EC0-301F-11D3-BF4B-00C04F79EFBC}") = "Assignment 25", "Assignment 25\Assignment 25.csproj", "{856A971F-AC5C-4C00-B345-415F13D1391E}"
EndProject
Project("{FAE04EC0-301F-11D3-BF4B-00C04F79EFBC}") = "Assignment 26", "Assignment 26\Assignment 26.csproj", "{783383B1-3DDC-4DF7-BFA8-24A1E29E2F31}"
EndProject
Project("{FAE04EC0-301F-11D3-BF4B-00C04F79EFBC}") = "Assignment 27", "Assignment 27\Assignment 27.csproj", "{C23F5D4C-1D2C-46DF-8BDB-505D016A412E}"
EndProject
Project("{FAE04EC0-301F-11D3-BF4B-00C04F79EFBC}") = "Assignment 28", "Assignment 28\Assignment 28.csproj", "{343DCBB9-6FBF-422E-92ED-96FFD4598721}"
EndProject
Project("{FAE04EC0-301F-11D3-BF4B-00C04F79EFBC}") = "Assignment 29", "Assignment 29\Assignment 29.csproj", "{1330340C-6E90-4495-82C7-454888DFEFB3}"
EndProject
Project("{FAE04EC0-301F-11D3-BF4B-00C04F79EFBC}") = "Assignment 30", "Assignment 30\Assignment 30.csproj", "{F20FE675-6E1D-4822-991E-9E38F683C1B5}"
EndProject
Project("{FAE04EC0-301F-11D3-BF4B-00C04F79EFBC}") = "Assignment 31", "Assignment 31\Assignment 31.csproj", "{C0C74A9B-2079-4B0E-92D2-EC712ABF9739}"
EndProject
Project("{FAE04EC0-301F-11D3-BF4B-00C04F79EFBC}") = "Assignment 32", "Assignment 32\Assignment 32.csproj", "{35F1718F-4D06-4E15-8F7C-B4DEE78E9E10}"
EndProject
Project("{FAE04EC0-301F-11D3-BF4B-00C04F79EFBC}") = "Assignment 33", "Assignment 33\Assignment 33.csproj", "{AABC1DFF-D687-4EB4-9E99-EB067CEAB02D}"
EndProject
Project("{FAE04EC0-301F-11D3-BF4B-00C04F79EFBC}") = "Assignment 34", "Assignment 34\Assignment 34.csproj", "{CFB84710-70D0-49FB-9B0E-B1DA9642F914}"
EndProject
Project("{FAE04EC0-301F-11D3-BF4B-00C04F79EFBC}") = "Assignment 35", "Assignment 35\Assignment 35.csproj", "{1D35333E-37B1-4765-AB1B-FAEB0DB3B93D}"
EndProject
Project("{FAE04EC0-301F-11D3-BF4B-00C04F79EFBC}") = "Assignment 36", "Assignment 36\Assignment 36.csproj", "{D834BAD5-837A-4512-83AC-03F5DC80DED6}"
EndProject
Project("{FAE04EC0-301F-11D3-BF4B-00C04F79EFBC}") = "Assignment 37", "Assignment 37\Assignment 37.csproj", "{4544AC81-0E02-4A5F-A0D3-222EF77B4033}"
EndProject
Project("{FAE04EC0-301F-11D3-BF4B-00C04F79EFBC}") = "Assignment 38", "Assignment 38\Assignment 38.csproj", "{7F8F1838-30DE-4111-80B5-FB1E72F40B26}"
EndProject
Project("{FAE04EC0-301F-11D3-BF4B-00C04F79EFBC}") = "Assignment 39", "Assignment 39\Assignment 39.csproj", "{C28A02BA-14F5-468F-9718-4985E0106A28}"
EndProject
Project("{FAE04EC0-301F-11D3-BF4B-00C04F79EFBC}") = "Assignment 40", "Assignment 40\Assignment 40.csproj", "{7D8D0681-155D-4700-9ABF-793FF1455469}"
EndProject
Global
	GlobalSection(SolutionConfigurationPlatforms) = preSolution
		Debug|Any CPU = Debug|Any CPU
		Release|Any CPU = Release|Any CPU
	EndGlobalSection
	GlobalSection(ProjectConfigurationPlatforms) = postSolution
		{760DF598-38ED-4F77-91B2-87DAF863E513}.Debug|Any CPU.ActiveCfg = Debug|Any CPU
		{760DF598-38ED-4F77-91B2-87DAF863E513}.Debug|Any CPU.Build.0 = Debug|Any CPU
		{760DF598-38ED-4F77-91B2-87DAF863E513}.Release|Any CPU.ActiveCfg = Release|Any CPU
		{760DF598-38ED-4F77-91B2-87DAF863E513}.Release|Any CPU.Build.0 = Release|Any CPU
		{D7D3DAC6-D803-4CE2-A46C-443052A31037}.Debug|Any CPU.ActiveCfg = Debug|Any CPU
		{D7D3DAC6-D803-4CE2-A46C-443052A31037}.Debug|Any CPU.Build.0 = Debug|Any CPU
		{D7D3DAC6-D803-4CE2-A46C-443052A31037}.Release|Any CPU.ActiveCfg = Release|Any CPU
		{D7D3DAC6-D803-4CE2-A46C-443052A31037}.Release|Any CPU.Build.0 = Release|Any CPU
		{BD54B623-EDA7-4EDE-9306-13BF9712BFF7}.Debug|Any CPU.ActiveCfg = Debug|Any CPU
		{BD54B623-EDA7-4EDE-9306-13BF9712BFF7}.Debug|Any CPU.Build.0 = Debug|Any CPU
		{BD54B623-EDA7-4EDE-9306-13BF9712BFF7}.Release|Any CPU.ActiveCfg = Release|Any CPU
		{BD54B623-EDA7-4EDE-9306-13BF9712BFF7}.Release|Any CPU.Build.0 = Release|Any CPU
		{7AE8FE78-288A-436B-9FB7-ADABEF7B3AF0}.Debug|Any CPU.ActiveCfg = Debug|Any CPU
		{7AE8FE78-288A-436B-9FB7-ADABEF7B3AF0}.Debug|Any CPU.Build.0 = Debug|Any CPU
		{7AE8FE78-288A-436B-9FB7-ADABEF7B3AF0}.Release|Any CPU.ActiveCfg = Release|Any CPU
		{7AE8FE78-288A-436B-9FB7-ADABEF7B3AF0}.Release|Any CPU.Build.0 = Release|Any CPU
		{C9F1138A-4500-45B5-B707-5C9DAC4423CC}.Debug|Any CPU.ActiveCfg = Debug|Any CPU
		{C9F1138A-4500-45B5-B707-5C9DAC4423CC}.Debug|Any CPU.Build.0 = Debug|Any CPU
		{C9F1138A-4500-45B5-B707-5C9DAC4423CC}.Release|Any CPU.ActiveCfg = Release|Any CPU
		{C9F1138A-4500-45B5-B707-5C9DAC4423CC}.Release|Any CPU.Build.0 = Release|Any CPU
		{2FFEED00-E13F-4D4F-93EA-7FE710F632BA}.Debug|Any CPU.ActiveCfg = Debug|Any CPU
		{2FFEED00-E13F-4D4F-93EA-7FE710F632BA}.Debug|Any CPU.Build.0 = Debug|Any CPU
		{2FFEED00-E13F-4D4F-93EA-7FE710F632BA}.Release|Any CPU.ActiveCfg = Release|Any CPU
		{2FFEED00-E13F-4D4F-93EA-7FE710F632BA}.Release|Any CPU.Build.0 = Release|Any CPU
		{55EFB880-538F-4850-9913-F9E3EDF13610}.Debug|Any CPU.ActiveCfg = Debug|Any CPU
		{55EFB880-538F-4850-9913-F9E3EDF13610}.Debug|Any CPU.Build.0 = Debug|Any CPU
		{55EFB880-538F-4850-9913-F9E3EDF13610}.Release|Any CPU.ActiveCfg = Release|Any CPU
		{55EFB880-538F-4850-9913-F9E3EDF13610}.Release|Any CPU.Build.0 = Release|Any CPU
		{9302E8B5-2D58-4848-83EF-72798768F9BF}.Debug|Any CPU.ActiveCfg = Debug|Any CPU
		{9302E8B5-2D58-4848-83EF-72798768F9BF}.Debug|Any CPU.Build.0 = Debug|Any CPU
		{9302E8B5-2D58-4848-83EF-72798768F9BF}.Release|Any CPU.ActiveCfg = Release|Any CPU
		{9302E8B5-2D58-4848-83EF-72798768F9BF}.Release|Any CPU.Build.0 = Release|Any CPU
		{33FD454E-41B8-4199-97C7-66D635FDFE4F}.Debug|Any CPU.ActiveCfg = Debug|Any CPU
		{33FD454E-41B8-4199-97C7-66D635FDFE4F}.Debug|Any CPU.Build.0 = Debug|Any CPU
		{33FD454E-41B8-4199-97C7-66D635FDFE4F}.Release|Any CPU.ActiveCfg = Release|Any CPU
		{33FD454E-41B8-4199-97C7-66D635FDFE4F}.Release|Any CPU.Build.0 = Release|Any CPU
		{9725F671-0F6C-4F67-84B7-7029FCDA222F}.Debug|Any CPU.ActiveCfg = Debug|Any CPU
		{9725F671-0F6C-4F67-84B7-7029FCDA222F}.Debug|Any CPU.Build.0 = Debug|Any CPU
		{9725F671-0F6C-4F67-84B7-7029FCDA222F}.Release|Any CPU.ActiveCfg = Release|Any CPU
		{9725F671-0F6C-4F67-84B7-7029FCDA222F}.Release|Any CPU.Build.0 = Release|Any CPU
		{0C12ABED-5B47-4027-AFD8-D2752E3880D2}.Debug|Any CPU.ActiveCfg = Debug|Any CPU
		{0C12ABED-5B47-4027-AFD8-D2752E3880D2}.Debug|Any CPU.Build.0 = Debug|Any CPU
		{0C12ABED-5B47-4027-AFD8-D2752E3880D2}.Release|Any CPU.ActiveCfg = Release|Any CPU
		{0C12ABED-5B47-4027-AFD8-D2752E3880D2}.Release|Any CPU.Build.0 = Release|Any CPU
		{43315900-1029-4304-9596-9BDB06E29F0D}.Debug|Any CPU.ActiveCfg = Debug|Any CPU
		{43315900-1029-4304-9596-9BDB06E29F0D}.Debug|Any CPU.Build.0 = Debug|Any CPU
		{43315900-1029-4304-9596-9BDB06E29F0D}.Release|Any CPU.ActiveCfg = Release|Any CPU
		{43315900-1029-4304-9596-9BDB06E29F0D}.Release|Any CPU.Build.0 = Release|Any CPU
		{A13572EF-D6A4-4B9D-8F57-A244A154DE99}.Debug|Any CPU.ActiveCfg = Debug|Any CPU
		{A13572EF-D6A4-4B9D-8F57-A244A154DE99}.Debug|Any CPU.Build.0 = Debug|Any CPU
		{A13572EF-D6A4-4B9D-8F57-A244A154DE99}.Release|Any CPU.ActiveCfg = Release|Any CPU
		{A13572EF-D6A4-4B9D-8F57-A244A154DE99}.Release|Any CPU.Build.0 = Release|Any CPU
		{5E6456FB-CB5B-428C-AFB2-06C51148B333}.Debug|Any CPU.ActiveCfg = Debug|Any CPU
		{5E6456FB-CB5B-428C-AFB2-06C51148B333}.Debug|Any CPU.Build.0 = Debug|Any CPU
		{5E6456FB-CB5B-428C-AFB2-06C51148B333}.Release|Any CPU.ActiveCfg = Release|Any CPU
		{5E6456FB-CB5B-428C-AFB2-06C51148B333}.Release|Any CPU.Build.0 = Release|Any CPU
		{9903BEE7-1972-4249-B61B-6D771681EBC0}.Debug|Any CPU.ActiveCfg = Debug|Any CPU
		{9903BEE7-1972-4249-B61B-6D771681EBC0}.Debug|Any CPU.Build.0 = Debug|Any CPU
		{9903BEE7-1972-4249-B61B-6D771681EBC0}.Release|Any CPU.ActiveCfg = Release|Any CPU
		{9903BEE7-1972-4249-B61B-6D771681EBC0}.Release|Any CPU.Build.0 = Release|Any CPU
		{424D2F76-9E37-4591-836A-56665F397F3B}.Debug|Any CPU.ActiveCfg = Debug|Any CPU
		{424D2F76-9E37-4591-836A-56665F397F3B}.Debug|Any CPU.Build.0 = Debug|Any CPU
		{424D2F76-9E37-4591-836A-56665F397F3B}.Release|Any CPU.ActiveCfg = Release|Any CPU
		{424D2F76-9E37-4591-836A-56665F397F3B}.Release|Any CPU.Build.0 = Release|Any CPU
		{02B24F2D-1C2A-451E-9584-A6F6D6F0F4AA}.Debug|Any CPU.ActiveCfg = Debug|Any CPU
		{02B24F2D-1C2A-451E-9584-A6F6D6F0F4AA}.Debug|Any CPU.Build.0 = Debug|Any CPU
		{02B24F2D-1C2A-451E-9584-A6F6D6F0F4AA}.Release|Any CPU.ActiveCfg = Release|Any CPU
		{02B24F2D-1C2A-451E-9584-A6F6D6F0F4AA}.Release|Any CPU.Build.0 = Release|Any CPU
		{8B3317B0-B68E-48A3-B7FB-9856BF2D8303}.Debug|Any CPU.ActiveCfg = Debug|Any CPU
		{8B3317B0-B68E-48A3-B7FB-9856BF2D8303}.Debug|Any CPU.Build.0 = Debug|Any CPU
		{8B3317B0-B68E-48A3-B7FB-9856BF2D8303}.Release|Any CPU.ActiveCfg = Release|Any CPU
		{8B3317B0-B68E-48A3-B7FB-9856BF2D8303}.Release|Any CPU.Build.0 = Release|Any CPU
		{7494DE2D-226B-44EB-BF9D-4CE3404F3EAE}.Debug|Any CPU.ActiveCfg = Debug|Any CPU
		{7494DE2D-226B-44EB-BF9D-4CE3404F3EAE}.Debug|Any CPU.Build.0 = Debug|Any CPU
		{7494DE2D-226B-44EB-BF9D-4CE3404F3EAE}.Release|Any CPU.ActiveCfg = Release|Any CPU
		{7494DE2D-226B-44EB-BF9D-4CE3404F3EAE}.Release|Any CPU.Build.0 = Release|Any CPU
		{FBBE5664-02DC-446E-A4D0-C9BB65CCF98B}.Debug|Any CPU.ActiveCfg = Debug|Any CPU
		{FBBE5664-02DC-446E-A4D0-C9BB65CCF98B}.Debug|Any CPU.Build.0 = Debug|Any CPU
		{FBBE5664-02DC-446E-A4D0-C9BB65CCF98B}.Release|Any CPU.ActiveCfg = Release|Any CPU
		{FBBE5664-02DC-446E-A4D0-C9BB65CCF98B}.Release|Any CPU.Build.0 = Release|Any CPU
		{3C2390F1-ACB7-4DBE-99E7-E788F6256B86}.Debug|Any CPU.ActiveCfg = Debug|Any CPU
		{3C2390F1-ACB7-4DBE-99E7-E788F6256B86}.Debug|Any CPU.Build.0 = Debug|Any CPU
		{3C2390F1-ACB7-4DBE-99E7-E788F6256B86}.Release|Any CPU.ActiveCfg = Release|Any CPU
		{3C2390F1-ACB7-4DBE-99E7-E788F6256B86}.Release|Any CPU.Build.0 = Release|Any CPU
		{C5590EFC-EB06-44F9-8F77-702BB40B4A6E}.Debug|Any CPU.ActiveCfg = Debug|Any CPU
		{C5590EFC-EB06-44F9-8F77-702BB40B4A6E}.Debug|Any CPU.Build.0 = Debug|Any CPU
		{C5590EFC-EB06-44F9-8F77-702BB40B4A6E}.Release|Any CPU.ActiveCfg = Release|Any CPU
		{C5590EFC-EB06-44F9-8F77-702BB40B4A6E}.Release|Any CPU.Build.0 = Release|Any CPU
		{6764E0FD-871B-4978-8898-6758ADD9D037}.Debug|Any CPU.ActiveCfg = Debug|Any CPU
		{6764E0FD-871B-4978-8898-6758ADD9D037}.Debug|Any CPU.Build.0 = Debug|Any CPU
		{6764E0FD-871B-4978-8898-6758ADD9D037}.Release|Any CPU.ActiveCfg = Release|Any CPU
		{6764E0FD-871B-4978-8898-6758ADD9D037}.Release|Any CPU.Build.0 = Release|Any CPU
		{9586E32E-629D-4907-A30D-84F603FAC781}.Debug|Any CPU.ActiveCfg = Debug|Any CPU
		{9586E32E-629D-4907-A30D-84F603FAC781}.Debug|Any CPU.Build.0 = Debug|Any CPU
		{9586E32E-629D-4907-A30D-84F603FAC781}.Release|Any CPU.ActiveCfg = Release|Any CPU
		{9586E32E-629D-4907-A30D-84F603FAC781}.Release|Any CPU.Build.0 = Release|Any CPU
		{856A971F-AC5C-4C00-B345-415F13D1391E}.Debug|Any CPU.ActiveCfg = Debug|Any CPU
		{856A971F-AC5C-4C00-B345-415F13D1391E}.Debug|Any CPU.Build.0 = Debug|Any CPU
		{856A971F-AC5C-4C00-B345-415F13D1391E}.Release|Any CPU.ActiveCfg = Release|Any CPU
		{856A971F-AC5C-4C00-B345-415F13D1391E}.Release|Any CPU.Build.0 = Release|Any CPU
		{783383B1-3DDC-4DF7-BFA8-24A1E29E2F31}.Debug|Any CPU.ActiveCfg = Debug|Any CPU
		{783383B1-3DDC-4DF7-BFA8-24A1E29E2F31}.Debug|Any CPU.Build.0 = Debug|Any CPU
		{783383B1-3DDC-4DF7-BFA8-24A1E29E2F31}.Release|Any CPU.ActiveCfg = Release|Any CPU
		{783383B1-3DDC-4DF7-BFA8-24A1E29E2F31}.Release|Any CPU.Build.0 = Release|Any CPU
		{C23F5D4C-1D2C-46DF-8BDB-505D016A412E}.Debug|Any CPU.ActiveCfg = Debug|Any CPU
		{C23F5D4C-1D2C-46DF-8BDB-505D016A412E}.Debug|Any CPU.Build.0 = Debug|Any CPU
		{C23F5D4C-1D2C-46DF-8BDB-505D016A412E}.Release|Any CPU.ActiveCfg = Release|Any CPU
		{C23F5D4C-1D2C-46DF-8BDB-505D016A412E}.Release|Any CPU.Build.0 = Release|Any CPU
		{343DCBB9-6FBF-422E-92ED-96FFD4598721}.Debug|Any CPU.ActiveCfg = Debug|Any CPU
		{343DCBB9-6FBF-422E-92ED-96FFD4598721}.Debug|Any CPU.Build.0 = Debug|Any CPU
		{343DCBB9-6FBF-422E-92ED-96FFD4598721}.Release|Any CPU.ActiveCfg = Release|Any CPU
		{343DCBB9-6FBF-422E-92ED-96FFD4598721}.Release|Any CPU.Build.0 = Release|Any CPU
		{1330340C-6E90-4495-82C7-454888DFEFB3}.Debug|Any CPU.ActiveCfg = Debug|Any CPU
		{1330340C-6E90-4495-82C7-454888DFEFB3}.Debug|Any CPU.Build.0 = Debug|Any CPU
		{1330340C-6E90-4495-82C7-454888DFEFB3}.Release|Any CPU.ActiveCfg = Release|Any CPU
		{1330340C-6E90-4495-82C7-454888DFEFB3}.Release|Any CPU.Build.0 = Release|Any CPU
		{F20FE675-6E1D-4822-991E-9E38F683C1B5}.Debug|Any CPU.ActiveCfg = Debug|Any CPU
		{F20FE675-6E1D-4822-991E-9E38F683C1B5}.Debug|Any CPU.Build.0 = Debug|Any CPU
		{F20FE675-6E1D-4822-991E-9E38F683C1B5}.Release|Any CPU.ActiveCfg = Release|Any CPU
		{F20FE675-6E1D-4822-991E-9E38F683C1B5}.Release|Any CPU.Build.0 = Release|Any CPU
		{C0C74A9B-2079-4B0E-92D2-EC712ABF9739}.Debug|Any CPU.ActiveCfg = Debug|Any CPU
		{C0C74A9B-2079-4B0E-92D2-EC712ABF9739}.Debug|Any CPU.Build.0 = Debug|Any CPU
		{C0C74A9B-2079-4B0E-92D2-EC712ABF9739}.Release|Any CPU.ActiveCfg = Release|Any CPU
		{C0C74A9B-2079-4B0E-92D2-EC712ABF9739}.Release|Any CPU.Build.0 = Release|Any CPU
		{35F1718F-4D06-4E15-8F7C-B4DEE78E9E10}.Debug|Any CPU.ActiveCfg = Debug|Any CPU
		{35F1718F-4D06-4E15-8F7C-B4DEE78E9E10}.Debug|Any CPU.Build.0 = Debug|Any CPU
		{35F1718F-4D06-4E15-8F7C-B4DEE78E9E10}.Release|Any CPU.ActiveCfg = Release|Any CPU
		{35F1718F-4D06-4E15-8F7C-B4DEE78E9E10}.Release|Any CPU.Build.0 = Release|Any CPU
		{AABC1DFF-D687-4EB4-9E99-EB067CEAB02D}.Debug|Any CPU.ActiveCfg = Debug|Any CPU
		{AABC1DFF-D687-4EB4-9E99-EB067CEAB02D}.Debug|Any CPU.Build.0 = Debug|Any CPU
		{AABC1DFF-D687-4EB4-9E99-EB067CEAB02D}.Release|Any CPU.ActiveCfg = Release|Any CPU
		{AABC1DFF-D687-4EB4-9E99-EB067CEAB02D}.Release|Any CPU.Build.0 = Release|Any CPU
		{CFB84710-70D0-49FB-9B0E-B1DA9642F914}.Debug|Any CPU.ActiveCfg = Debug|Any CPU
		{CFB84710-70D0-49FB-9B0E-B1DA9642F914}.Debug|Any CPU.Build.0 = Debug|Any CPU
		{CFB84710-70D0-49FB-9B0E-B1DA9642F914}.Release|Any CPU.ActiveCfg = Release|Any CPU
		{CFB84710-70D0-49FB-9B0E-B1DA9642F914}.Release|Any CPU.Build.0 = Release|Any CPU
		{1D35333E-37B1-4765-AB1B-FAEB0DB3B93D}.Debug|Any CPU.ActiveCfg = Debug|Any CPU
		{1D35333E-37B1-4765-AB1B-FAEB0DB3B93D}.Debug|Any CPU.Build.0 = Debug|Any CPU
		{1D35333E-37B1-4765-AB1B-FAEB0DB3B93D}.Release|Any CPU.ActiveCfg = Release|Any CPU
		{1D35333E-37B1-4765-AB1B-FAEB0DB3B93D}.Release|Any CPU.Build.0 = Release|Any CPU
		{D834BAD5-837A-4512-83AC-03F5DC80DED6}.Debug|Any CPU.ActiveCfg = Debug|Any CPU
		{D834BAD5-837A-4512-83AC-03F5DC80DED6}.Debug|Any CPU.Build.0 = Debug|Any CPU
		{D834BAD5-837A-4512-83AC-03F5DC80DED6}.Release|Any CPU.ActiveCfg = Release|Any CPU
		{D834BAD5-837A-4512-83AC-03F5DC80DED6}.Release|Any CPU.Build.0 = Release|Any CPU
		{4544AC81-0E02-4A5F-A0D3-222EF77B4033}.Debug|Any CPU.ActiveCfg = Debug|Any CPU
		{4544AC81-0E02-4A5F-A0D3-222EF77B4033}.Debug|Any CPU.Build.0 = Debug|Any CPU
		{4544AC81-0E02-4A5F-A0D3-222EF77B4033}.Release|Any CPU.ActiveCfg = Release|Any CPU
		{4544AC81-0E02-4A5F-A0D3-222EF77B4033}.Release|Any CPU.Build.0 = Release|Any CPU
		{7F8F1838-30DE-4111-80B5-FB1E72F40B26}.Debug|Any CPU.ActiveCfg = Debug|Any CPU
		{7F8F1838-30DE-4111-80B5-FB1E72F40B26}.Debug|Any CPU.Build.0 = Debug|Any CPU
		{7F8F1838-30DE-4111-80B5-FB1E72F40B26}.Release|Any CPU.ActiveCfg = Release|Any CPU
		{7F8F1838-30DE-4111-80B5-FB1E72F40B26}.Release|Any CPU.Build.0 = Release|Any CPU
		{C28A02BA-14F5-468F-9718-4985E0106A28}.Debug|Any CPU.ActiveCfg = Debug|Any CPU
		{C28A02BA-14F5-468F-9718-4985E0106A28}.Debug|Any CPU.Build.0 = Debug|Any CPU
		{C28A02BA-14F5-468F-9718-4985E0106A28}.Release|Any CPU.ActiveCfg = Release|Any CPU
		{C28A02BA-14F5-468F-9718-4985E0106A28}.Release|Any CPU.Build.0 = Release|Any CPU
		{7D8D0681-155D-4700-9ABF-793FF1455469}.Debug|Any CPU.ActiveCfg = Debug|Any CPU
		{7D8D0681-155D-4700-9ABF-793FF1455469}.Debug|Any CPU.Build.0 = Debug|Any CPU
		{7D8D0681-155D-4700-9ABF-793FF1455469}.Release|Any CPU.ActiveCfg = Release|Any CPU
		{7D8D0681-155D-4700-9ABF-793FF1455469}.Release|Any CPU.Build.0 = Release|Any CPU
	EndGlobalSection
	GlobalSection(SolutionProperties) = preSolution
		HideSolutionNode = FALSE
	EndGlobalSection
	GlobalSection(ExtensibilityGlobals) = postSolution
		SolutionGuid = {629A74C9-54BA-4FAD-B56A-429F0925B1AF}
	EndGlobalSection
EndGlobal
